// !$*UTF8*$!
{
	archiveVersion = 1;
	classes = {
	};
	objectVersion = 46;
	objects = {

/* Begin PBXBuildFile section */
		1A88B2641FC3D9C9005C14AE /* Images.xcassets in Resources */ = {isa = PBXBuildFile; fileRef = 1A88B2631FC3D9C9005C14AE /* Images.xcassets */; };
		1AC6FB21180E996B004C840B /* libcocos2d Mac.a in Frameworks */ = {isa = PBXBuildFile; fileRef = 1AC6FAF9180E9839004C840B /* libcocos2d Mac.a */; };
		1AC6FB30180E99EB004C840B /* libcocos2d iOS.a in Frameworks */ = {isa = PBXBuildFile; fileRef = 1AC6FB07180E9839004C840B /* libcocos2d iOS.a */; };
		1AF87B781F6F77F7007BE51C /* AppController.mm in Sources */ = {isa = PBXBuildFile; fileRef = 1AF87B481F6F77D6007BE51C /* AppController.mm */; };
		1AF87B881F6F781D007BE51C /* LaunchScreen.storyboard in Resources */ = {isa = PBXBuildFile; fileRef = 1AF87B591F6F77D6007BE51C /* LaunchScreen.storyboard */; };
		1AF87B8A1F6F7822007BE51C /* main.m in Sources */ = {isa = PBXBuildFile; fileRef = 1AF87B5B1F6F77D6007BE51C /* main.m */; };
		1AF87B8B1F6F782A007BE51C /* RootViewController.mm in Sources */ = {isa = PBXBuildFile; fileRef = 1AF87B5E1F6F77D6007BE51C /* RootViewController.mm */; };
		1D60589F0D05DD5A006BFB54 /* Foundation.framework in Frameworks */ = {isa = PBXBuildFile; fileRef = 1D30AB110D05D00D00671497 /* Foundation.framework */; };
		1DF5F4E00D08C38300B7A737 /* UIKit.framework in Frameworks */ = {isa = PBXBuildFile; fileRef = 1DF5F4DF0D08C38300B7A737 /* UIKit.framework */; };
		288765A50DF7441C002DB57D /* CoreGraphics.framework in Frameworks */ = {isa = PBXBuildFile; fileRef = 288765A40DF7441C002DB57D /* CoreGraphics.framework */; };
		294D0D641D0D56D500F7F5D4 /* CoreText.framework in Frameworks */ = {isa = PBXBuildFile; fileRef = 294D0D631D0D56D500F7F5D4 /* CoreText.framework */; };
		3EACC98F19EE6D4300EB3C5E /* res in Resources */ = {isa = PBXBuildFile; fileRef = 3EACC98E19EE6D4300EB3C5E /* res */; };
		3EACC99019EE6D4300EB3C5E /* res in Resources */ = {isa = PBXBuildFile; fileRef = 3EACC98E19EE6D4300EB3C5E /* res */; };
		46880B8819C43A87006E1F66 /* AppDelegate.cpp in Sources */ = {isa = PBXBuildFile; fileRef = 46880B8419C43A87006E1F66 /* AppDelegate.cpp */; };
		46880B8919C43A87006E1F66 /* AppDelegate.cpp in Sources */ = {isa = PBXBuildFile; fileRef = 46880B8419C43A87006E1F66 /* AppDelegate.cpp */; };
		503AE0F817EB97AB00D1A890 /* Icon.icns in Resources */ = {isa = PBXBuildFile; fileRef = 503AE0F617EB97AB00D1A890 /* Icon.icns */; };
		503AE10517EB98FF00D1A890 /* main.cpp in Sources */ = {isa = PBXBuildFile; fileRef = 503AE10317EB98FF00D1A890 /* main.cpp */; };
		503AE11B17EB9C5A00D1A890 /* IOKit.framework in Frameworks */ = {isa = PBXBuildFile; fileRef = 503AE11A17EB9C5A00D1A890 /* IOKit.framework */; };
		5087E76317EB910900C73F5D /* Foundation.framework in Frameworks */ = {isa = PBXBuildFile; fileRef = 1D30AB110D05D00D00671497 /* Foundation.framework */; };
		5087E76717EB910900C73F5D /* libz.dylib in Frameworks */ = {isa = PBXBuildFile; fileRef = BF170DB412928DE900B8313A /* libz.dylib */; };
		5087E76817EB910900C73F5D /* QuartzCore.framework in Frameworks */ = {isa = PBXBuildFile; fileRef = BF1C47EA1293683800B63C5D /* QuartzCore.framework */; };
		5087E76917EB910900C73F5D /* OpenAL.framework in Frameworks */ = {isa = PBXBuildFile; fileRef = D44C620B132DFF330009C878 /* OpenAL.framework */; };
		5087E76A17EB910900C73F5D /* AVFoundation.framework in Frameworks */ = {isa = PBXBuildFile; fileRef = D44C620D132DFF430009C878 /* AVFoundation.framework */; };
		5087E76B17EB910900C73F5D /* AudioToolbox.framework in Frameworks */ = {isa = PBXBuildFile; fileRef = D44C620F132DFF4E0009C878 /* AudioToolbox.framework */; };
		5087E78917EB974C00C73F5D /* AppKit.framework in Frameworks */ = {isa = PBXBuildFile; fileRef = 5087E78817EB974C00C73F5D /* AppKit.framework */; };
		5087E78B17EB975400C73F5D /* OpenGL.framework in Frameworks */ = {isa = PBXBuildFile; fileRef = 5087E78A17EB975400C73F5D /* OpenGL.framework */; };
		521A8EA919F11F5000D177D7 /* fonts in Resources */ = {isa = PBXBuildFile; fileRef = 521A8EA819F11F5000D177D7 /* fonts */; };
		521A8EAA19F11F5000D177D7 /* fonts in Resources */ = {isa = PBXBuildFile; fileRef = 521A8EA819F11F5000D177D7 /* fonts */; };
		52B47A471A53D09C004E4C60 /* Security.framework in Frameworks */ = {isa = PBXBuildFile; fileRef = 52B47A461A53D09B004E4C60 /* Security.framework */; };
		8262943E1AAF051F00CB7CF7 /* Security.framework in Frameworks */ = {isa = PBXBuildFile; fileRef = 8262943D1AAF051F00CB7CF7 /* Security.framework */; };
		BF171245129291EC00B8313A /* OpenGLES.framework in Frameworks */ = {isa = PBXBuildFile; fileRef = BF170DB012928DE900B8313A /* OpenGLES.framework */; };
		BF1712471292920000B8313A /* libz.dylib in Frameworks */ = {isa = PBXBuildFile; fileRef = BF170DB412928DE900B8313A /* libz.dylib */; };
		BF1C47F01293687400B63C5D /* QuartzCore.framework in Frameworks */ = {isa = PBXBuildFile; fileRef = BF1C47EA1293683800B63C5D /* QuartzCore.framework */; };
		D44C620C132DFF330009C878 /* OpenAL.framework in Frameworks */ = {isa = PBXBuildFile; fileRef = D44C620B132DFF330009C878 /* OpenAL.framework */; };
		D44C620E132DFF430009C878 /* AVFoundation.framework in Frameworks */ = {isa = PBXBuildFile; fileRef = D44C620D132DFF430009C878 /* AVFoundation.framework */; };
		D44C6210132DFF4E0009C878 /* AudioToolbox.framework in Frameworks */ = {isa = PBXBuildFile; fileRef = D44C620F132DFF4E0009C878 /* AudioToolbox.framework */; };
		D6B0611B1803AB670077942B /* CoreMotion.framework in Frameworks */ = {isa = PBXBuildFile; fileRef = D6B0611A1803AB670077942B /* CoreMotion.framework */; };
		E326550E233A5364006FC91B /* KFScene.cpp in Sources */ = {isa = PBXBuildFile; fileRef = E326550C233A5364006FC91B /* KFScene.cpp */; };
		E328E7A6233B33AA0017C1E8 /* SceneIntro.cpp in Sources */ = {isa = PBXBuildFile; fileRef = E328E7A4233B33AA0017C1E8 /* SceneIntro.cpp */; };
		E328E7AC233BBE4B0017C1E8 /* axxwelLaunchScreen.png in Resources */ = {isa = PBXBuildFile; fileRef = E328E7AB233BBE4B0017C1E8 /* axxwelLaunchScreen.png */; };
		E328E7B0233CB20A0017C1E8 /* GameInfoLayer.cpp in Sources */ = {isa = PBXBuildFile; fileRef = E328E7AE233CB20A0017C1E8 /* GameInfoLayer.cpp */; };
		E328E7B3233CE1F40017C1E8 /* KFSprite.cpp in Sources */ = {isa = PBXBuildFile; fileRef = E328E7B1233CE1F40017C1E8 /* KFSprite.cpp */; };
		E337CC2C2386BA4D009011CF /* KFAction.cpp in Sources */ = {isa = PBXBuildFile; fileRef = E337CC2A2386BA4D009011CF /* KFAction.cpp */; };
		E36144842604B3470074F0C2 /* CharacterInfo.cpp in Sources */ = {isa = PBXBuildFile; fileRef = E36144822604B3470074F0C2 /* CharacterInfo.cpp */; };
		E371167A265ED7E60008714A /* BoxDisplay.cpp in Sources */ = {isa = PBXBuildFile; fileRef = E3711678265ED7E60008714A /* BoxDisplay.cpp */; };
		E38072A423437BC500A413AC /* SceneBarrack.cpp in Sources */ = {isa = PBXBuildFile; fileRef = E38072A223437BC500A413AC /* SceneBarrack.cpp */; };
		E38072A92345B65D00A413AC /* SceneOption.cpp in Sources */ = {isa = PBXBuildFile; fileRef = E38072A72345B65D00A413AC /* SceneOption.cpp */; };
		E38072AD2345C88D00A413AC /* SceneFight.cpp in Sources */ = {isa = PBXBuildFile; fileRef = E38072AB2345C88D00A413AC /* SceneFight.cpp */; };
		E392C1862338B4D5007F79E4 /* MainScene.cpp in Sources */ = {isa = PBXBuildFile; fileRef = E392C1842338B4D5007F79E4 /* MainScene.cpp */; };
		E3A7BA072338F5E000960296 /* MainUser.cpp in Sources */ = {isa = PBXBuildFile; fileRef = E3A7BA052338F5DF00960296 /* MainUser.cpp */; };
		E3A7BA0A2338F71A00960296 /* MainGrid.cpp in Sources */ = {isa = PBXBuildFile; fileRef = E3A7BA082338F71A00960296 /* MainGrid.cpp */; };
		E3A7BA0D2338F77B00960296 /* MainObject.cpp in Sources */ = {isa = PBXBuildFile; fileRef = E3A7BA0B2338F77B00960296 /* MainObject.cpp */; };
		E3A7BA102338F7E000960296 /* MainStuff.cpp in Sources */ = {isa = PBXBuildFile; fileRef = E3A7BA0E2338F7E000960296 /* MainStuff.cpp */; };
		E3A7BA132338F88100960296 /* MainMultiPlayer.cpp in Sources */ = {isa = PBXBuildFile; fileRef = E3A7BA112338F88100960296 /* MainMultiPlayer.cpp */; };
		E3A7BA2C2338FE2900960296 /* base64.cpp in Sources */ = {isa = PBXBuildFile; fileRef = E3A7BA1A2338FE2900960296 /* base64.cpp */; };
		E3A7BA2D2338FE2900960296 /* socket.cpp in Sources */ = {isa = PBXBuildFile; fileRef = E3A7BA1C2338FE2900960296 /* socket.cpp */; };
		E3A7BA2E2338FE2900960296 /* HMAC_SHA1.cpp in Sources */ = {isa = PBXBuildFile; fileRef = E3A7BA1D2338FE2900960296 /* HMAC_SHA1.cpp */; };
		E3A7BA2F2338FE2900960296 /* SHA1.cpp in Sources */ = {isa = PBXBuildFile; fileRef = E3A7BA1F2338FE2900960296 /* SHA1.cpp */; };
		E3A7BA302338FE2900960296 /* appwarp.cpp in Sources */ = {isa = PBXBuildFile; fileRef = E3A7BA202338FE2900960296 /* appwarp.cpp */; };
		E3A7BA312338FE2900960296 /* utilities.cpp in Sources */ = {isa = PBXBuildFile; fileRef = E3A7BA212338FE2900960296 /* utilities.cpp */; };
		E3A7BA322338FE2900960296 /* appwarp_extended.cpp in Sources */ = {isa = PBXBuildFile; fileRef = E3A7BA232338FE2900960296 /* appwarp_extended.cpp */; };
		E3A7BA332338FE2900960296 /* cJSON.c in Sources */ = {isa = PBXBuildFile; fileRef = E3A7BA262338FE2900960296 /* cJSON.c */; };
		E3A7BA342338FE2900960296 /* requests.cpp in Sources */ = {isa = PBXBuildFile; fileRef = E3A7BA282338FE2900960296 /* requests.cpp */; };
		E3A7BA352338FE2900960296 /* urlencode.cpp in Sources */ = {isa = PBXBuildFile; fileRef = E3A7BA292338FE2900960296 /* urlencode.cpp */; };
		E3A7BA362338FE2900960296 /* udpsocket.cpp in Sources */ = {isa = PBXBuildFile; fileRef = E3A7BA2A2338FE2900960296 /* udpsocket.cpp */; };
		E3A7BA3A2339025B00960296 /* KFNode.cpp in Sources */ = {isa = PBXBuildFile; fileRef = E3A7BA382339025B00960296 /* KFNode.cpp */; };
		E3A7BA89233903C900960296 /* BaseObject.cpp in Sources */ = {isa = PBXBuildFile; fileRef = E3A7BA3F233903C900960296 /* BaseObject.cpp */; };
		E3A7BA8A233903C900960296 /* DragonBones.cpp in Sources */ = {isa = PBXBuildFile; fileRef = E3A7BA41233903C900960296 /* DragonBones.cpp */; };
		E3A7BA8B233903C900960296 /* Bone.cpp in Sources */ = {isa = PBXBuildFile; fileRef = E3A7BA43233903C900960296 /* Bone.cpp */; };
		E3A7BA8C233903C900960296 /* DeformVertices.cpp in Sources */ = {isa = PBXBuildFile; fileRef = E3A7BA45233903C900960296 /* DeformVertices.cpp */; };
		E3A7BA8D233903C900960296 /* Constraint.cpp in Sources */ = {isa = PBXBuildFile; fileRef = E3A7BA47233903C900960296 /* Constraint.cpp */; };
		E3A7BA8E233903C900960296 /* Armature.cpp in Sources */ = {isa = PBXBuildFile; fileRef = E3A7BA48233903C900960296 /* Armature.cpp */; };
		E3A7BA8F233903C900960296 /* Slot.cpp in Sources */ = {isa = PBXBuildFile; fileRef = E3A7BA4D233903C900960296 /* Slot.cpp */; };
		E3A7BA90233903C900960296 /* TransformObject.cpp in Sources */ = {isa = PBXBuildFile; fileRef = E3A7BA4F233903C900960296 /* TransformObject.cpp */; };
		E3A7BA91233903C900960296 /* WorldClock.cpp in Sources */ = {isa = PBXBuildFile; fileRef = E3A7BA54233903C900960296 /* WorldClock.cpp */; };
		E3A7BA92233903C900960296 /* TimelineState.cpp in Sources */ = {isa = PBXBuildFile; fileRef = E3A7BA56233903C900960296 /* TimelineState.cpp */; };
		E3A7BA93233903C900960296 /* BaseTimelineState.cpp in Sources */ = {isa = PBXBuildFile; fileRef = E3A7BA57233903C900960296 /* BaseTimelineState.cpp */; };
		E3A7BA94233903C900960296 /* Animation.cpp in Sources */ = {isa = PBXBuildFile; fileRef = E3A7BA58233903C900960296 /* Animation.cpp */; };
		E3A7BA95233903C900960296 /* AnimationState.cpp in Sources */ = {isa = PBXBuildFile; fileRef = E3A7BA5A233903C900960296 /* AnimationState.cpp */; };
		E3A7BA96233903C900960296 /* BinaryDataParser.cpp in Sources */ = {isa = PBXBuildFile; fileRef = E3A7BA5F233903C900960296 /* BinaryDataParser.cpp */; };
		E3A7BA97233903C900960296 /* JSONDataParser.cpp in Sources */ = {isa = PBXBuildFile; fileRef = E3A7BA60233903C900960296 /* JSONDataParser.cpp */; };
		E3A7BA98233903C900960296 /* DataParser.cpp in Sources */ = {isa = PBXBuildFile; fileRef = E3A7BA61233903C900960296 /* DataParser.cpp */; };
		E3A7BA99233903C900960296 /* Transform.cpp in Sources */ = {isa = PBXBuildFile; fileRef = E3A7BA66233903C900960296 /* Transform.cpp */; };
		E3A7BA9A233903C900960296 /* Point.cpp in Sources */ = {isa = PBXBuildFile; fileRef = E3A7BA67233903C900960296 /* Point.cpp */; };
		E3A7BA9B233903C900960296 /* DragonBonesData.cpp in Sources */ = {isa = PBXBuildFile; fileRef = E3A7BA6F233903C900960296 /* DragonBonesData.cpp */; };
		E3A7BA9C233903C900960296 /* BoundingBoxData.cpp in Sources */ = {isa = PBXBuildFile; fileRef = E3A7BA71233903C900960296 /* BoundingBoxData.cpp */; };
		E3A7BA9D233903C900960296 /* DisplayData.cpp in Sources */ = {isa = PBXBuildFile; fileRef = E3A7BA72233903C900960296 /* DisplayData.cpp */; };
		E3A7BA9E233903C900960296 /* ConstraintData.cpp in Sources */ = {isa = PBXBuildFile; fileRef = E3A7BA73233903C900960296 /* ConstraintData.cpp */; };
		E3A7BA9F233903C900960296 /* AnimationConfig.cpp in Sources */ = {isa = PBXBuildFile; fileRef = E3A7BA74233903C900960296 /* AnimationConfig.cpp */; };
		E3A7BAA0233903C900960296 /* SkinData.cpp in Sources */ = {isa = PBXBuildFile; fileRef = E3A7BA76233903C900960296 /* SkinData.cpp */; };
		E3A7BAA1233903C900960296 /* AnimationData.cpp in Sources */ = {isa = PBXBuildFile; fileRef = E3A7BA79233903C900960296 /* AnimationData.cpp */; };
		E3A7BAA2233903C900960296 /* CanvasData.cpp in Sources */ = {isa = PBXBuildFile; fileRef = E3A7BA7A233903C900960296 /* CanvasData.cpp */; };
		E3A7BAA3233903C900960296 /* ArmatureData.cpp in Sources */ = {isa = PBXBuildFile; fileRef = E3A7BA7B233903C900960296 /* ArmatureData.cpp */; };
		E3A7BAA4233903C900960296 /* UserData.cpp in Sources */ = {isa = PBXBuildFile; fileRef = E3A7BA80233903C900960296 /* UserData.cpp */; };
		E3A7BAA5233903CA00960296 /* TextureAtlasData.cpp in Sources */ = {isa = PBXBuildFile; fileRef = E3A7BA81233903C900960296 /* TextureAtlasData.cpp */; };
		E3A7BAA6233903CA00960296 /* EventObject.cpp in Sources */ = {isa = PBXBuildFile; fileRef = E3A7BA83233903C900960296 /* EventObject.cpp */; };
		E3A7BAA7233903CA00960296 /* BaseFactory.cpp in Sources */ = {isa = PBXBuildFile; fileRef = E3A7BA87233903C900960296 /* BaseFactory.cpp */; };
		E3A7BAAB2339046500960296 /* Box.cpp in Sources */ = {isa = PBXBuildFile; fileRef = E3A7BAA92339046500960296 /* Box.cpp */; };
		E3A7BAB0233906F200960296 /* Character.cpp in Sources */ = {isa = PBXBuildFile; fileRef = E3A7BAAE233906F200960296 /* Character.cpp */; };
		E3A7BAB32339077300960296 /* CharacterDisplay.cpp in Sources */ = {isa = PBXBuildFile; fileRef = E3A7BAB12339077300960296 /* CharacterDisplay.cpp */; };
		E3A7BAB6233907E900960296 /* CharacterUI.cpp in Sources */ = {isa = PBXBuildFile; fileRef = E3A7BAB4233907E900960296 /* CharacterUI.cpp */; };
		E3A7BABA2339201D00960296 /* Card.cpp in Sources */ = {isa = PBXBuildFile; fileRef = E3A7BAB82339201D00960296 /* Card.cpp */; };
		E3A7BABD233920A300960296 /* CardDisplay.cpp in Sources */ = {isa = PBXBuildFile; fileRef = E3A7BABB233920A300960296 /* CardDisplay.cpp */; };
		E3A7BAC12339215800960296 /* DeckCard.cpp in Sources */ = {isa = PBXBuildFile; fileRef = E3A7BABF2339215800960296 /* DeckCard.cpp */; };
		E3A7BAC4233921DF00960296 /* LibraryCard.cpp in Sources */ = {isa = PBXBuildFile; fileRef = E3A7BAC2233921DF00960296 /* LibraryCard.cpp */; };
		E3A7BAC72339228000960296 /* SheetCard.cpp in Sources */ = {isa = PBXBuildFile; fileRef = E3A7BAC52339228000960296 /* SheetCard.cpp */; };
		E3A7BACA2339262600960296 /* MainAction.cpp in Sources */ = {isa = PBXBuildFile; fileRef = E3A7BAC82339262600960296 /* MainAction.cpp */; };
		E3A7BACD2339272000960296 /* GameBoxes.cpp in Sources */ = {isa = PBXBuildFile; fileRef = E3A7BACB2339272000960296 /* GameBoxes.cpp */; };
		E3A7BAD02339276200960296 /* GameCards.cpp in Sources */ = {isa = PBXBuildFile; fileRef = E3A7BACE2339276100960296 /* GameCards.cpp */; };
		E3A7BAD32339283D00960296 /* GameCharacters.cpp in Sources */ = {isa = PBXBuildFile; fileRef = E3A7BAD12339283D00960296 /* GameCharacters.cpp */; };
		E3A7BAD623392A6A00960296 /* GameDirector.cpp in Sources */ = {isa = PBXBuildFile; fileRef = E3A7BAD423392A6A00960296 /* GameDirector.cpp */; };
		E3A7BAE12339F5B400960296 /* CCArmatureDisplay.cpp in Sources */ = {isa = PBXBuildFile; fileRef = E3A7BAD92339F5B400960296 /* CCArmatureDisplay.cpp */; };
		E3A7BAE22339F5B400960296 /* CCSlot.cpp in Sources */ = {isa = PBXBuildFile; fileRef = E3A7BADA2339F5B400960296 /* CCSlot.cpp */; };
		E3A7BAE32339F5B400960296 /* CCFactory.cpp in Sources */ = {isa = PBXBuildFile; fileRef = E3A7BADC2339F5B400960296 /* CCFactory.cpp */; };
		E3A7BAE42339F5B400960296 /* CCTextureAtlasData.cpp in Sources */ = {isa = PBXBuildFile; fileRef = E3A7BADE2339F5B400960296 /* CCTextureAtlasData.cpp */; };
		E3A7BE4A238E79DA002D42DD /* KFSpecCard.cpp in Sources */ = {isa = PBXBuildFile; fileRef = E3A7BE48238E79DA002D42DD /* KFSpecCard.cpp */; };
		E3C01C90233E5CFA008171B3 /* BoxMask.cpp in Sources */ = {isa = PBXBuildFile; fileRef = E3C01C8F233E5CFA008171B3 /* BoxMask.cpp */; };
		E3E107812692DFA300E40725 /* TestScene.cpp in Sources */ = {isa = PBXBuildFile; fileRef = E3E1077F2692DFA300E40725 /* TestScene.cpp */; };
		E3E1078526971FB100E40725 /* MainSounds.cpp in Sources */ = {isa = PBXBuildFile; fileRef = E3E1078326971FB100E40725 /* MainSounds.cpp */; };
		ED545A7C1B68A1F400C3958E /* libiconv.dylib in Frameworks */ = {isa = PBXBuildFile; fileRef = ED545A7B1B68A1F400C3958E /* libiconv.dylib */; };
		ED545A7E1B68A1FA00C3958E /* libiconv.dylib in Frameworks */ = {isa = PBXBuildFile; fileRef = ED545A7D1B68A1FA00C3958E /* libiconv.dylib */; };
/* End PBXBuildFile section */

/* Begin PBXContainerItemProxy section */
		1A7533E21F6F75F6007E8E6F /* PBXContainerItemProxy */ = {
			isa = PBXContainerItemProxy;
			containerPortal = 1AC6FAE5180E9839004C840B /* cocos2d_libs.xcodeproj */;
			proxyType = 2;
			remoteGlobalIDString = 507B40FD1C31BDD30067B53E;
			remoteInfo = "libcocos2d tvOS";
		};
		1AC6FAF8180E9839004C840B /* PBXContainerItemProxy */ = {
			isa = PBXContainerItemProxy;
			containerPortal = 1AC6FAE5180E9839004C840B /* cocos2d_libs.xcodeproj */;
			proxyType = 2;
			remoteGlobalIDString = 1551A33F158F2AB200E66CFE;
			remoteInfo = "cocos2dx Mac";
		};
		1AC6FB06180E9839004C840B /* PBXContainerItemProxy */ = {
			isa = PBXContainerItemProxy;
			containerPortal = 1AC6FAE5180E9839004C840B /* cocos2d_libs.xcodeproj */;
			proxyType = 2;
			remoteGlobalIDString = A07A4D641783777C0073F6A7;
			remoteInfo = "cocos2dx iOS";
		};
		1AC6FB15180E9959004C840B /* PBXContainerItemProxy */ = {
			isa = PBXContainerItemProxy;
			containerPortal = 1AC6FAE5180E9839004C840B /* cocos2d_libs.xcodeproj */;
			proxyType = 1;
			remoteGlobalIDString = 1551A33E158F2AB200E66CFE;
			remoteInfo = "cocos2dx Mac";
		};
		1AC6FB24180E99E1004C840B /* PBXContainerItemProxy */ = {
			isa = PBXContainerItemProxy;
			containerPortal = 1AC6FAE5180E9839004C840B /* cocos2d_libs.xcodeproj */;
			proxyType = 1;
			remoteGlobalIDString = A07A4C241783777C0073F6A7;
			remoteInfo = "cocos2dx iOS";
		};
/* End PBXContainerItemProxy section */

/* Begin PBXFileReference section */
		1A88B2631FC3D9C9005C14AE /* Images.xcassets */ = {isa = PBXFileReference; lastKnownFileType = folder.assetcatalog; path = Images.xcassets; sourceTree = "<group>"; };
		1AC6FAE5180E9839004C840B /* cocos2d_libs.xcodeproj */ = {isa = PBXFileReference; lastKnownFileType = "wrapper.pb-project"; name = cocos2d_libs.xcodeproj; path = ../cocos2d/build/cocos2d_libs.xcodeproj; sourceTree = "<group>"; };
		1ACB3243164770DE00914215 /* libcurl.a */ = {isa = PBXFileReference; lastKnownFileType = archive.ar; name = libcurl.a; path = ../../cocos2dx/platform/third_party/ios/libraries/libcurl.a; sourceTree = "<group>"; };
		1AF87B471F6F77D6007BE51C /* AppController.h */ = {isa = PBXFileReference; lastKnownFileType = sourcecode.c.h; path = AppController.h; sourceTree = "<group>"; };
		1AF87B481F6F77D6007BE51C /* AppController.mm */ = {isa = PBXFileReference; lastKnownFileType = sourcecode.cpp.objcpp; path = AppController.mm; sourceTree = "<group>"; };
		1AF87B581F6F77D6007BE51C /* Info.plist */ = {isa = PBXFileReference; lastKnownFileType = text.plist.xml; path = Info.plist; sourceTree = "<group>"; };
		1AF87B591F6F77D6007BE51C /* LaunchScreen.storyboard */ = {isa = PBXFileReference; lastKnownFileType = file.storyboard; path = LaunchScreen.storyboard; sourceTree = "<group>"; };
		1AF87B5B1F6F77D6007BE51C /* main.m */ = {isa = PBXFileReference; lastKnownFileType = sourcecode.c.objc; path = main.m; sourceTree = "<group>"; };
		1AF87B5C1F6F77D6007BE51C /* Prefix.pch */ = {isa = PBXFileReference; lastKnownFileType = sourcecode.c.h; path = Prefix.pch; sourceTree = "<group>"; };
		1AF87B5D1F6F77D6007BE51C /* RootViewController.h */ = {isa = PBXFileReference; lastKnownFileType = sourcecode.c.h; path = RootViewController.h; sourceTree = "<group>"; };
		1AF87B5E1F6F77D6007BE51C /* RootViewController.mm */ = {isa = PBXFileReference; lastKnownFileType = sourcecode.cpp.objcpp; path = RootViewController.mm; sourceTree = "<group>"; };
		1D30AB110D05D00D00671497 /* Foundation.framework */ = {isa = PBXFileReference; lastKnownFileType = wrapper.framework; name = Foundation.framework; path = System/Library/Frameworks/Foundation.framework; sourceTree = SDKROOT; };
		1D6058910D05DD3D006BFB54 /* kingfield-mobile.app */ = {isa = PBXFileReference; explicitFileType = wrapper.application; includeInIndex = 0; path = "kingfield-mobile.app"; sourceTree = BUILT_PRODUCTS_DIR; };
		1DF5F4DF0D08C38300B7A737 /* UIKit.framework */ = {isa = PBXFileReference; lastKnownFileType = wrapper.framework; name = UIKit.framework; path = System/Library/Frameworks/UIKit.framework; sourceTree = SDKROOT; };
		288765A40DF7441C002DB57D /* CoreGraphics.framework */ = {isa = PBXFileReference; lastKnownFileType = wrapper.framework; name = CoreGraphics.framework; path = System/Library/Frameworks/CoreGraphics.framework; sourceTree = SDKROOT; };
		294D0D631D0D56D500F7F5D4 /* CoreText.framework */ = {isa = PBXFileReference; lastKnownFileType = wrapper.framework; name = CoreText.framework; path = Platforms/iPhoneOS.platform/Developer/SDKs/iPhoneOS.sdk/System/Library/Frameworks/CoreText.framework; sourceTree = DEVELOPER_DIR; };
		3EACC98E19EE6D4300EB3C5E /* res */ = {isa = PBXFileReference; lastKnownFileType = folder; path = res; sourceTree = "<group>"; };
		46880B8419C43A87006E1F66 /* AppDelegate.cpp */ = {isa = PBXFileReference; fileEncoding = 4; lastKnownFileType = sourcecode.cpp.cpp; path = AppDelegate.cpp; sourceTree = "<group>"; };
		46880B8519C43A87006E1F66 /* AppDelegate.h */ = {isa = PBXFileReference; fileEncoding = 4; lastKnownFileType = sourcecode.c.h; path = AppDelegate.h; sourceTree = "<group>"; };
		503AE0F617EB97AB00D1A890 /* Icon.icns */ = {isa = PBXFileReference; lastKnownFileType = image.icns; path = Icon.icns; sourceTree = "<group>"; };
		503AE0F717EB97AB00D1A890 /* Info.plist */ = {isa = PBXFileReference; fileEncoding = 4; lastKnownFileType = text.plist.xml; path = Info.plist; sourceTree = "<group>"; };
		503AE10317EB98FF00D1A890 /* main.cpp */ = {isa = PBXFileReference; fileEncoding = 4; lastKnownFileType = sourcecode.cpp.cpp; name = main.cpp; path = mac/main.cpp; sourceTree = "<group>"; };
		503AE10417EB98FF00D1A890 /* Prefix.pch */ = {isa = PBXFileReference; fileEncoding = 4; lastKnownFileType = sourcecode.c.h; name = Prefix.pch; path = mac/Prefix.pch; sourceTree = "<group>"; };
		503AE11117EB99EE00D1A890 /* libcurl.dylib */ = {isa = PBXFileReference; lastKnownFileType = "compiled.mach-o.dylib"; name = libcurl.dylib; path = usr/lib/libcurl.dylib; sourceTree = SDKROOT; };
		503AE11A17EB9C5A00D1A890 /* IOKit.framework */ = {isa = PBXFileReference; lastKnownFileType = wrapper.framework; name = IOKit.framework; path = System/Library/Frameworks/IOKit.framework; sourceTree = SDKROOT; };
		5087E76F17EB910900C73F5D /* kingfield-desktop.app */ = {isa = PBXFileReference; explicitFileType = wrapper.application; includeInIndex = 0; path = "kingfield-desktop.app"; sourceTree = BUILT_PRODUCTS_DIR; };
		5087E78817EB974C00C73F5D /* AppKit.framework */ = {isa = PBXFileReference; lastKnownFileType = wrapper.framework; name = AppKit.framework; path = System/Library/Frameworks/AppKit.framework; sourceTree = SDKROOT; };
		5087E78A17EB975400C73F5D /* OpenGL.framework */ = {isa = PBXFileReference; lastKnownFileType = wrapper.framework; name = OpenGL.framework; path = System/Library/Frameworks/OpenGL.framework; sourceTree = SDKROOT; };
		521A8EA819F11F5000D177D7 /* fonts */ = {isa = PBXFileReference; lastKnownFileType = folder; path = fonts; sourceTree = "<group>"; };
		52B47A461A53D09B004E4C60 /* Security.framework */ = {isa = PBXFileReference; lastKnownFileType = wrapper.framework; name = Security.framework; path = Platforms/iPhoneOS.platform/Developer/SDKs/iPhoneOS.sdk/System/Library/Frameworks/Security.framework; sourceTree = DEVELOPER_DIR; };
		8262943D1AAF051F00CB7CF7 /* Security.framework */ = {isa = PBXFileReference; lastKnownFileType = wrapper.framework; name = Security.framework; path = System/Library/Frameworks/Security.framework; sourceTree = SDKROOT; };
		BF170DB012928DE900B8313A /* OpenGLES.framework */ = {isa = PBXFileReference; lastKnownFileType = wrapper.framework; name = OpenGLES.framework; path = System/Library/Frameworks/OpenGLES.framework; sourceTree = SDKROOT; };
		BF170DB412928DE900B8313A /* libz.dylib */ = {isa = PBXFileReference; lastKnownFileType = "compiled.mach-o.dylib"; name = libz.dylib; path = usr/lib/libz.dylib; sourceTree = SDKROOT; };
		BF1C47EA1293683800B63C5D /* QuartzCore.framework */ = {isa = PBXFileReference; lastKnownFileType = wrapper.framework; name = QuartzCore.framework; path = System/Library/Frameworks/QuartzCore.framework; sourceTree = SDKROOT; };
		D44C620B132DFF330009C878 /* OpenAL.framework */ = {isa = PBXFileReference; lastKnownFileType = wrapper.framework; name = OpenAL.framework; path = System/Library/Frameworks/OpenAL.framework; sourceTree = SDKROOT; };
		D44C620D132DFF430009C878 /* AVFoundation.framework */ = {isa = PBXFileReference; lastKnownFileType = wrapper.framework; name = AVFoundation.framework; path = System/Library/Frameworks/AVFoundation.framework; sourceTree = SDKROOT; };
		D44C620F132DFF4E0009C878 /* AudioToolbox.framework */ = {isa = PBXFileReference; lastKnownFileType = wrapper.framework; name = AudioToolbox.framework; path = System/Library/Frameworks/AudioToolbox.framework; sourceTree = SDKROOT; };
		D6B0611A1803AB670077942B /* CoreMotion.framework */ = {isa = PBXFileReference; lastKnownFileType = wrapper.framework; name = CoreMotion.framework; path = Platforms/iPhoneOS.platform/Developer/SDKs/iPhoneOS.sdk/System/Library/Frameworks/CoreMotion.framework; sourceTree = DEVELOPER_DIR; };
		E326550C233A5364006FC91B /* KFScene.cpp */ = {isa = PBXFileReference; lastKnownFileType = sourcecode.cpp.cpp; path = KFScene.cpp; sourceTree = "<group>"; };
		E326550D233A5364006FC91B /* KFScene.hpp */ = {isa = PBXFileReference; lastKnownFileType = sourcecode.cpp.h; path = KFScene.hpp; sourceTree = "<group>"; };
		E328E7A4233B33AA0017C1E8 /* SceneIntro.cpp */ = {isa = PBXFileReference; lastKnownFileType = sourcecode.cpp.cpp; path = SceneIntro.cpp; sourceTree = "<group>"; };
		E328E7A5233B33AA0017C1E8 /* SceneIntro.hpp */ = {isa = PBXFileReference; lastKnownFileType = sourcecode.cpp.h; path = SceneIntro.hpp; sourceTree = "<group>"; };
		E328E7AB233BBE4B0017C1E8 /* axxwelLaunchScreen.png */ = {isa = PBXFileReference; lastKnownFileType = image.png; path = axxwelLaunchScreen.png; sourceTree = "<group>"; };
		E328E7AE233CB20A0017C1E8 /* GameInfoLayer.cpp */ = {isa = PBXFileReference; lastKnownFileType = sourcecode.cpp.cpp; path = GameInfoLayer.cpp; sourceTree = "<group>"; };
		E328E7AF233CB20A0017C1E8 /* GameInfoLayer.hpp */ = {isa = PBXFileReference; lastKnownFileType = sourcecode.cpp.h; path = GameInfoLayer.hpp; sourceTree = "<group>"; };
		E328E7B1233CE1F40017C1E8 /* KFSprite.cpp */ = {isa = PBXFileReference; lastKnownFileType = sourcecode.cpp.cpp; path = KFSprite.cpp; sourceTree = "<group>"; };
		E328E7B2233CE1F40017C1E8 /* KFSprite.hpp */ = {isa = PBXFileReference; lastKnownFileType = sourcecode.cpp.h; path = KFSprite.hpp; sourceTree = "<group>"; };
		E337CC2A2386BA4D009011CF /* KFAction.cpp */ = {isa = PBXFileReference; lastKnownFileType = sourcecode.cpp.cpp; path = KFAction.cpp; sourceTree = "<group>"; };
		E337CC2B2386BA4D009011CF /* KFAction.hpp */ = {isa = PBXFileReference; lastKnownFileType = sourcecode.cpp.h; path = KFAction.hpp; sourceTree = "<group>"; };
		E36144822604B3470074F0C2 /* CharacterInfo.cpp */ = {isa = PBXFileReference; lastKnownFileType = sourcecode.cpp.cpp; path = CharacterInfo.cpp; sourceTree = "<group>"; };
		E36144832604B3470074F0C2 /* CharacterInfo.hpp */ = {isa = PBXFileReference; lastKnownFileType = sourcecode.cpp.h; path = CharacterInfo.hpp; sourceTree = "<group>"; };
		E3711678265ED7E60008714A /* BoxDisplay.cpp */ = {isa = PBXFileReference; lastKnownFileType = sourcecode.cpp.cpp; path = BoxDisplay.cpp; sourceTree = "<group>"; };
		E3711679265ED7E60008714A /* BoxDisplay.hpp */ = {isa = PBXFileReference; lastKnownFileType = sourcecode.cpp.h; path = BoxDisplay.hpp; sourceTree = "<group>"; };
		E38072A223437BC500A413AC /* SceneBarrack.cpp */ = {isa = PBXFileReference; lastKnownFileType = sourcecode.cpp.cpp; path = SceneBarrack.cpp; sourceTree = "<group>"; };
		E38072A323437BC500A413AC /* SceneBarrack.hpp */ = {isa = PBXFileReference; lastKnownFileType = sourcecode.cpp.h; path = SceneBarrack.hpp; sourceTree = "<group>"; };
		E38072A72345B65D00A413AC /* SceneOption.cpp */ = {isa = PBXFileReference; lastKnownFileType = sourcecode.cpp.cpp; path = SceneOption.cpp; sourceTree = "<group>"; };
		E38072A82345B65D00A413AC /* SceneOption.hpp */ = {isa = PBXFileReference; lastKnownFileType = sourcecode.cpp.h; path = SceneOption.hpp; sourceTree = "<group>"; };
		E38072AB2345C88D00A413AC /* SceneFight.cpp */ = {isa = PBXFileReference; lastKnownFileType = sourcecode.cpp.cpp; path = SceneFight.cpp; sourceTree = "<group>"; };
		E38072AC2345C88D00A413AC /* SceneFight.hpp */ = {isa = PBXFileReference; lastKnownFileType = sourcecode.cpp.h; path = SceneFight.hpp; sourceTree = "<group>"; };
		E392C1842338B4D5007F79E4 /* MainScene.cpp */ = {isa = PBXFileReference; lastKnownFileType = sourcecode.cpp.cpp; path = MainScene.cpp; sourceTree = "<group>"; };
		E392C1852338B4D5007F79E4 /* MainScene.hpp */ = {isa = PBXFileReference; lastKnownFileType = sourcecode.cpp.h; path = MainScene.hpp; sourceTree = "<group>"; };
		E3A7BA032338DA5400960296 /* Constants.h */ = {isa = PBXFileReference; lastKnownFileType = sourcecode.c.h; path = Constants.h; sourceTree = "<group>"; };
		E3A7BA052338F5DF00960296 /* MainUser.cpp */ = {isa = PBXFileReference; lastKnownFileType = sourcecode.cpp.cpp; path = MainUser.cpp; sourceTree = "<group>"; };
		E3A7BA062338F5E000960296 /* MainUser.hpp */ = {isa = PBXFileReference; lastKnownFileType = sourcecode.cpp.h; path = MainUser.hpp; sourceTree = "<group>"; };
		E3A7BA082338F71A00960296 /* MainGrid.cpp */ = {isa = PBXFileReference; lastKnownFileType = sourcecode.cpp.cpp; path = MainGrid.cpp; sourceTree = "<group>"; };
		E3A7BA092338F71A00960296 /* MainGrid.hpp */ = {isa = PBXFileReference; lastKnownFileType = sourcecode.cpp.h; path = MainGrid.hpp; sourceTree = "<group>"; };
		E3A7BA0B2338F77B00960296 /* MainObject.cpp */ = {isa = PBXFileReference; lastKnownFileType = sourcecode.cpp.cpp; path = MainObject.cpp; sourceTree = "<group>"; };
		E3A7BA0C2338F77B00960296 /* MainObject.hpp */ = {isa = PBXFileReference; lastKnownFileType = sourcecode.cpp.h; path = MainObject.hpp; sourceTree = "<group>"; };
		E3A7BA0E2338F7E000960296 /* MainStuff.cpp */ = {isa = PBXFileReference; lastKnownFileType = sourcecode.cpp.cpp; path = MainStuff.cpp; sourceTree = "<group>"; };
		E3A7BA0F2338F7E000960296 /* MainStuff.hpp */ = {isa = PBXFileReference; lastKnownFileType = sourcecode.cpp.h; path = MainStuff.hpp; sourceTree = "<group>"; };
		E3A7BA112338F88100960296 /* MainMultiPlayer.cpp */ = {isa = PBXFileReference; lastKnownFileType = sourcecode.cpp.cpp; path = MainMultiPlayer.cpp; sourceTree = "<group>"; };
		E3A7BA122338F88100960296 /* MainMultiPlayer.hpp */ = {isa = PBXFileReference; lastKnownFileType = sourcecode.cpp.h; path = MainMultiPlayer.hpp; sourceTree = "<group>"; };
		E3A7BA152338FE2900960296 /* appwarp.h */ = {isa = PBXFileReference; fileEncoding = 4; lastKnownFileType = sourcecode.c.h; path = appwarp.h; sourceTree = "<group>"; };
		E3A7BA162338FE2900960296 /* listener.h */ = {isa = PBXFileReference; fileEncoding = 4; lastKnownFileType = sourcecode.c.h; path = listener.h; sourceTree = "<group>"; };
		E3A7BA172338FE2900960296 /* udpsocket.h */ = {isa = PBXFileReference; fileEncoding = 4; lastKnownFileType = sourcecode.c.h; path = udpsocket.h; sourceTree = "<group>"; };
		E3A7BA182338FE2900960296 /* requests.h */ = {isa = PBXFileReference; fileEncoding = 4; lastKnownFileType = sourcecode.c.h; path = requests.h; sourceTree = "<group>"; };
		E3A7BA192338FE2900960296 /* base64.h */ = {isa = PBXFileReference; fileEncoding = 4; lastKnownFileType = sourcecode.c.h; path = base64.h; sourceTree = "<group>"; };
		E3A7BA1A2338FE2900960296 /* base64.cpp */ = {isa = PBXFileReference; fileEncoding = 4; lastKnownFileType = sourcecode.cpp.cpp; path = base64.cpp; sourceTree = "<group>"; };
		E3A7BA1B2338FE2900960296 /* cJSON.h */ = {isa = PBXFileReference; fileEncoding = 4; lastKnownFileType = sourcecode.c.h; path = cJSON.h; sourceTree = "<group>"; };
		E3A7BA1C2338FE2900960296 /* socket.cpp */ = {isa = PBXFileReference; fileEncoding = 4; lastKnownFileType = sourcecode.cpp.cpp; path = socket.cpp; sourceTree = "<group>"; };
		E3A7BA1D2338FE2900960296 /* HMAC_SHA1.cpp */ = {isa = PBXFileReference; fileEncoding = 4; lastKnownFileType = sourcecode.cpp.cpp; path = HMAC_SHA1.cpp; sourceTree = "<group>"; };
		E3A7BA1E2338FE2900960296 /* utilities.h */ = {isa = PBXFileReference; fileEncoding = 4; lastKnownFileType = sourcecode.c.h; path = utilities.h; sourceTree = "<group>"; };
		E3A7BA1F2338FE2900960296 /* SHA1.cpp */ = {isa = PBXFileReference; fileEncoding = 4; lastKnownFileType = sourcecode.cpp.cpp; path = SHA1.cpp; sourceTree = "<group>"; };
		E3A7BA202338FE2900960296 /* appwarp.cpp */ = {isa = PBXFileReference; fileEncoding = 4; lastKnownFileType = sourcecode.cpp.cpp; path = appwarp.cpp; sourceTree = "<group>"; };
		E3A7BA212338FE2900960296 /* utilities.cpp */ = {isa = PBXFileReference; fileEncoding = 4; lastKnownFileType = sourcecode.cpp.cpp; path = utilities.cpp; sourceTree = "<group>"; };
		E3A7BA222338FE2900960296 /* defines.h */ = {isa = PBXFileReference; fileEncoding = 4; lastKnownFileType = sourcecode.c.h; path = defines.h; sourceTree = "<group>"; };
		E3A7BA232338FE2900960296 /* appwarp_extended.cpp */ = {isa = PBXFileReference; fileEncoding = 4; lastKnownFileType = sourcecode.cpp.cpp; path = appwarp_extended.cpp; sourceTree = "<group>"; };
		E3A7BA242338FE2900960296 /* urlencode.h */ = {isa = PBXFileReference; fileEncoding = 4; lastKnownFileType = sourcecode.c.h; path = urlencode.h; sourceTree = "<group>"; };
		E3A7BA252338FE2900960296 /* HMAC_SHA1.h */ = {isa = PBXFileReference; fileEncoding = 4; lastKnownFileType = sourcecode.c.h; path = HMAC_SHA1.h; sourceTree = "<group>"; };
		E3A7BA262338FE2900960296 /* cJSON.c */ = {isa = PBXFileReference; fileEncoding = 4; lastKnownFileType = sourcecode.c.c; path = cJSON.c; sourceTree = "<group>"; };
		E3A7BA272338FE2900960296 /* SHA1.h */ = {isa = PBXFileReference; fileEncoding = 4; lastKnownFileType = sourcecode.c.h; path = SHA1.h; sourceTree = "<group>"; };
		E3A7BA282338FE2900960296 /* requests.cpp */ = {isa = PBXFileReference; fileEncoding = 4; lastKnownFileType = sourcecode.cpp.cpp; path = requests.cpp; sourceTree = "<group>"; };
		E3A7BA292338FE2900960296 /* urlencode.cpp */ = {isa = PBXFileReference; fileEncoding = 4; lastKnownFileType = sourcecode.cpp.cpp; path = urlencode.cpp; sourceTree = "<group>"; };
		E3A7BA2A2338FE2900960296 /* udpsocket.cpp */ = {isa = PBXFileReference; fileEncoding = 4; lastKnownFileType = sourcecode.cpp.cpp; path = udpsocket.cpp; sourceTree = "<group>"; };
		E3A7BA2B2338FE2900960296 /* socket.h */ = {isa = PBXFileReference; fileEncoding = 4; lastKnownFileType = sourcecode.c.h; path = socket.h; sourceTree = "<group>"; };
		E3A7BA382339025B00960296 /* KFNode.cpp */ = {isa = PBXFileReference; lastKnownFileType = sourcecode.cpp.cpp; path = KFNode.cpp; sourceTree = "<group>"; };
		E3A7BA392339025B00960296 /* KFNode.hpp */ = {isa = PBXFileReference; lastKnownFileType = sourcecode.cpp.h; path = KFNode.hpp; sourceTree = "<group>"; };
		E3A7BA3C233903C900960296 /* DragonBonesHeaders.h */ = {isa = PBXFileReference; fileEncoding = 4; lastKnownFileType = sourcecode.c.h; path = DragonBonesHeaders.h; sourceTree = "<group>"; };
		E3A7BA3E233903C900960296 /* BaseObject.h */ = {isa = PBXFileReference; fileEncoding = 4; lastKnownFileType = sourcecode.c.h; path = BaseObject.h; sourceTree = "<group>"; };
		E3A7BA3F233903C900960296 /* BaseObject.cpp */ = {isa = PBXFileReference; fileEncoding = 4; lastKnownFileType = sourcecode.cpp.cpp; path = BaseObject.cpp; sourceTree = "<group>"; };
		E3A7BA40233903C900960296 /* DragonBones.h */ = {isa = PBXFileReference; fileEncoding = 4; lastKnownFileType = sourcecode.c.h; path = DragonBones.h; sourceTree = "<group>"; };
		E3A7BA41233903C900960296 /* DragonBones.cpp */ = {isa = PBXFileReference; fileEncoding = 4; lastKnownFileType = sourcecode.cpp.cpp; path = DragonBones.cpp; sourceTree = "<group>"; };
		E3A7BA43233903C900960296 /* Bone.cpp */ = {isa = PBXFileReference; fileEncoding = 4; lastKnownFileType = sourcecode.cpp.cpp; path = Bone.cpp; sourceTree = "<group>"; };
		E3A7BA44233903C900960296 /* TransformObject.h */ = {isa = PBXFileReference; fileEncoding = 4; lastKnownFileType = sourcecode.c.h; path = TransformObject.h; sourceTree = "<group>"; };
		E3A7BA45233903C900960296 /* DeformVertices.cpp */ = {isa = PBXFileReference; fileEncoding = 4; lastKnownFileType = sourcecode.cpp.cpp; path = DeformVertices.cpp; sourceTree = "<group>"; };
		E3A7BA46233903C900960296 /* Bone.h */ = {isa = PBXFileReference; fileEncoding = 4; lastKnownFileType = sourcecode.c.h; path = Bone.h; sourceTree = "<group>"; };
		E3A7BA47233903C900960296 /* Constraint.cpp */ = {isa = PBXFileReference; fileEncoding = 4; lastKnownFileType = sourcecode.cpp.cpp; path = Constraint.cpp; sourceTree = "<group>"; };
		E3A7BA48233903C900960296 /* Armature.cpp */ = {isa = PBXFileReference; fileEncoding = 4; lastKnownFileType = sourcecode.cpp.cpp; path = Armature.cpp; sourceTree = "<group>"; };
		E3A7BA49233903C900960296 /* DeformVertices.h */ = {isa = PBXFileReference; fileEncoding = 4; lastKnownFileType = sourcecode.c.h; path = DeformVertices.h; sourceTree = "<group>"; };
		E3A7BA4A233903C900960296 /* Armature.h */ = {isa = PBXFileReference; fileEncoding = 4; lastKnownFileType = sourcecode.c.h; path = Armature.h; sourceTree = "<group>"; };
		E3A7BA4B233903C900960296 /* Constraint.h */ = {isa = PBXFileReference; fileEncoding = 4; lastKnownFileType = sourcecode.c.h; path = Constraint.h; sourceTree = "<group>"; };
		E3A7BA4C233903C900960296 /* IArmatureProxy.h */ = {isa = PBXFileReference; fileEncoding = 4; lastKnownFileType = sourcecode.c.h; path = IArmatureProxy.h; sourceTree = "<group>"; };
		E3A7BA4D233903C900960296 /* Slot.cpp */ = {isa = PBXFileReference; fileEncoding = 4; lastKnownFileType = sourcecode.cpp.cpp; path = Slot.cpp; sourceTree = "<group>"; };
		E3A7BA4E233903C900960296 /* Slot.h */ = {isa = PBXFileReference; fileEncoding = 4; lastKnownFileType = sourcecode.c.h; path = Slot.h; sourceTree = "<group>"; };
		E3A7BA4F233903C900960296 /* TransformObject.cpp */ = {isa = PBXFileReference; fileEncoding = 4; lastKnownFileType = sourcecode.cpp.cpp; path = TransformObject.cpp; sourceTree = "<group>"; };
		E3A7BA51233903C900960296 /* Animation.h */ = {isa = PBXFileReference; fileEncoding = 4; lastKnownFileType = sourcecode.c.h; path = Animation.h; sourceTree = "<group>"; };
		E3A7BA52233903C900960296 /* BaseTimelineState.h */ = {isa = PBXFileReference; fileEncoding = 4; lastKnownFileType = sourcecode.c.h; path = BaseTimelineState.h; sourceTree = "<group>"; };
		E3A7BA53233903C900960296 /* WorldClock.h */ = {isa = PBXFileReference; fileEncoding = 4; lastKnownFileType = sourcecode.c.h; path = WorldClock.h; sourceTree = "<group>"; };
		E3A7BA54233903C900960296 /* WorldClock.cpp */ = {isa = PBXFileReference; fileEncoding = 4; lastKnownFileType = sourcecode.cpp.cpp; path = WorldClock.cpp; sourceTree = "<group>"; };
		E3A7BA55233903C900960296 /* TimelineState.h */ = {isa = PBXFileReference; fileEncoding = 4; lastKnownFileType = sourcecode.c.h; path = TimelineState.h; sourceTree = "<group>"; };
		E3A7BA56233903C900960296 /* TimelineState.cpp */ = {isa = PBXFileReference; fileEncoding = 4; lastKnownFileType = sourcecode.cpp.cpp; path = TimelineState.cpp; sourceTree = "<group>"; };
		E3A7BA57233903C900960296 /* BaseTimelineState.cpp */ = {isa = PBXFileReference; fileEncoding = 4; lastKnownFileType = sourcecode.cpp.cpp; path = BaseTimelineState.cpp; sourceTree = "<group>"; };
		E3A7BA58233903C900960296 /* Animation.cpp */ = {isa = PBXFileReference; fileEncoding = 4; lastKnownFileType = sourcecode.cpp.cpp; path = Animation.cpp; sourceTree = "<group>"; };
		E3A7BA59233903C900960296 /* IAnimatable.h */ = {isa = PBXFileReference; fileEncoding = 4; lastKnownFileType = sourcecode.c.h; path = IAnimatable.h; sourceTree = "<group>"; };
		E3A7BA5A233903C900960296 /* AnimationState.cpp */ = {isa = PBXFileReference; fileEncoding = 4; lastKnownFileType = sourcecode.cpp.cpp; path = AnimationState.cpp; sourceTree = "<group>"; };
		E3A7BA5B233903C900960296 /* AnimationState.h */ = {isa = PBXFileReference; fileEncoding = 4; lastKnownFileType = sourcecode.c.h; path = AnimationState.h; sourceTree = "<group>"; };
		E3A7BA5D233903C900960296 /* JSONDataParser.h */ = {isa = PBXFileReference; fileEncoding = 4; lastKnownFileType = sourcecode.c.h; path = JSONDataParser.h; sourceTree = "<group>"; };
		E3A7BA5E233903C900960296 /* DataParser.h */ = {isa = PBXFileReference; fileEncoding = 4; lastKnownFileType = sourcecode.c.h; path = DataParser.h; sourceTree = "<group>"; };
		E3A7BA5F233903C900960296 /* BinaryDataParser.cpp */ = {isa = PBXFileReference; fileEncoding = 4; lastKnownFileType = sourcecode.cpp.cpp; path = BinaryDataParser.cpp; sourceTree = "<group>"; };
		E3A7BA60233903C900960296 /* JSONDataParser.cpp */ = {isa = PBXFileReference; fileEncoding = 4; lastKnownFileType = sourcecode.cpp.cpp; path = JSONDataParser.cpp; sourceTree = "<group>"; };
		E3A7BA61233903C900960296 /* DataParser.cpp */ = {isa = PBXFileReference; fileEncoding = 4; lastKnownFileType = sourcecode.cpp.cpp; path = DataParser.cpp; sourceTree = "<group>"; };
		E3A7BA62233903C900960296 /* BinaryDataParser.h */ = {isa = PBXFileReference; fileEncoding = 4; lastKnownFileType = sourcecode.c.h; path = BinaryDataParser.h; sourceTree = "<group>"; };
		E3A7BA64233903C900960296 /* Point.h */ = {isa = PBXFileReference; fileEncoding = 4; lastKnownFileType = sourcecode.c.h; path = Point.h; sourceTree = "<group>"; };
		E3A7BA65233903C900960296 /* Matrix.h */ = {isa = PBXFileReference; fileEncoding = 4; lastKnownFileType = sourcecode.c.h; path = Matrix.h; sourceTree = "<group>"; };
		E3A7BA66233903C900960296 /* Transform.cpp */ = {isa = PBXFileReference; fileEncoding = 4; lastKnownFileType = sourcecode.cpp.cpp; path = Transform.cpp; sourceTree = "<group>"; };
		E3A7BA67233903C900960296 /* Point.cpp */ = {isa = PBXFileReference; fileEncoding = 4; lastKnownFileType = sourcecode.cpp.cpp; path = Point.cpp; sourceTree = "<group>"; };
		E3A7BA68233903C900960296 /* Transform.h */ = {isa = PBXFileReference; fileEncoding = 4; lastKnownFileType = sourcecode.c.h; path = Transform.h; sourceTree = "<group>"; };
		E3A7BA69233903C900960296 /* Rectangle.h */ = {isa = PBXFileReference; fileEncoding = 4; lastKnownFileType = sourcecode.c.h; path = Rectangle.h; sourceTree = "<group>"; };
		E3A7BA6A233903C900960296 /* ColorTransform.h */ = {isa = PBXFileReference; fileEncoding = 4; lastKnownFileType = sourcecode.c.h; path = ColorTransform.h; sourceTree = "<group>"; };
		E3A7BA6C233903C900960296 /* ArmatureData.h */ = {isa = PBXFileReference; fileEncoding = 4; lastKnownFileType = sourcecode.c.h; path = ArmatureData.h; sourceTree = "<group>"; };
		E3A7BA6D233903C900960296 /* BoundingBoxData.h */ = {isa = PBXFileReference; fileEncoding = 4; lastKnownFileType = sourcecode.c.h; path = BoundingBoxData.h; sourceTree = "<group>"; };
		E3A7BA6E233903C900960296 /* TextureAtlasData.h */ = {isa = PBXFileReference; fileEncoding = 4; lastKnownFileType = sourcecode.c.h; path = TextureAtlasData.h; sourceTree = "<group>"; };
		E3A7BA6F233903C900960296 /* DragonBonesData.cpp */ = {isa = PBXFileReference; fileEncoding = 4; lastKnownFileType = sourcecode.cpp.cpp; path = DragonBonesData.cpp; sourceTree = "<group>"; };
		E3A7BA70233903C900960296 /* AnimationData.h */ = {isa = PBXFileReference; fileEncoding = 4; lastKnownFileType = sourcecode.c.h; path = AnimationData.h; sourceTree = "<group>"; };
		E3A7BA71233903C900960296 /* BoundingBoxData.cpp */ = {isa = PBXFileReference; fileEncoding = 4; lastKnownFileType = sourcecode.cpp.cpp; path = BoundingBoxData.cpp; sourceTree = "<group>"; };
		E3A7BA72233903C900960296 /* DisplayData.cpp */ = {isa = PBXFileReference; fileEncoding = 4; lastKnownFileType = sourcecode.cpp.cpp; path = DisplayData.cpp; sourceTree = "<group>"; };
		E3A7BA73233903C900960296 /* ConstraintData.cpp */ = {isa = PBXFileReference; fileEncoding = 4; lastKnownFileType = sourcecode.cpp.cpp; path = ConstraintData.cpp; sourceTree = "<group>"; };
		E3A7BA74233903C900960296 /* AnimationConfig.cpp */ = {isa = PBXFileReference; fileEncoding = 4; lastKnownFileType = sourcecode.cpp.cpp; path = AnimationConfig.cpp; sourceTree = "<group>"; };
		E3A7BA75233903C900960296 /* UserData.h */ = {isa = PBXFileReference; fileEncoding = 4; lastKnownFileType = sourcecode.c.h; path = UserData.h; sourceTree = "<group>"; };
		E3A7BA76233903C900960296 /* SkinData.cpp */ = {isa = PBXFileReference; fileEncoding = 4; lastKnownFileType = sourcecode.cpp.cpp; path = SkinData.cpp; sourceTree = "<group>"; };
		E3A7BA77233903C900960296 /* SkinData.h */ = {isa = PBXFileReference; fileEncoding = 4; lastKnownFileType = sourcecode.c.h; path = SkinData.h; sourceTree = "<group>"; };
		E3A7BA78233903C900960296 /* DisplayData.h */ = {isa = PBXFileReference; fileEncoding = 4; lastKnownFileType = sourcecode.c.h; path = DisplayData.h; sourceTree = "<group>"; };
		E3A7BA79233903C900960296 /* AnimationData.cpp */ = {isa = PBXFileReference; fileEncoding = 4; lastKnownFileType = sourcecode.cpp.cpp; path = AnimationData.cpp; sourceTree = "<group>"; };
		E3A7BA7A233903C900960296 /* CanvasData.cpp */ = {isa = PBXFileReference; fileEncoding = 4; lastKnownFileType = sourcecode.cpp.cpp; path = CanvasData.cpp; sourceTree = "<group>"; };
		E3A7BA7B233903C900960296 /* ArmatureData.cpp */ = {isa = PBXFileReference; fileEncoding = 4; lastKnownFileType = sourcecode.cpp.cpp; path = ArmatureData.cpp; sourceTree = "<group>"; };
		E3A7BA7C233903C900960296 /* CanvasData.h */ = {isa = PBXFileReference; fileEncoding = 4; lastKnownFileType = sourcecode.c.h; path = CanvasData.h; sourceTree = "<group>"; };
		E3A7BA7D233903C900960296 /* DragonBonesData.h */ = {isa = PBXFileReference; fileEncoding = 4; lastKnownFileType = sourcecode.c.h; path = DragonBonesData.h; sourceTree = "<group>"; };
		E3A7BA7E233903C900960296 /* AnimationConfig.h */ = {isa = PBXFileReference; fileEncoding = 4; lastKnownFileType = sourcecode.c.h; path = AnimationConfig.h; sourceTree = "<group>"; };
		E3A7BA7F233903C900960296 /* ConstraintData.h */ = {isa = PBXFileReference; fileEncoding = 4; lastKnownFileType = sourcecode.c.h; path = ConstraintData.h; sourceTree = "<group>"; };
		E3A7BA80233903C900960296 /* UserData.cpp */ = {isa = PBXFileReference; fileEncoding = 4; lastKnownFileType = sourcecode.cpp.cpp; path = UserData.cpp; sourceTree = "<group>"; };
		E3A7BA81233903C900960296 /* TextureAtlasData.cpp */ = {isa = PBXFileReference; fileEncoding = 4; lastKnownFileType = sourcecode.cpp.cpp; path = TextureAtlasData.cpp; sourceTree = "<group>"; };
		E3A7BA83233903C900960296 /* EventObject.cpp */ = {isa = PBXFileReference; fileEncoding = 4; lastKnownFileType = sourcecode.cpp.cpp; path = EventObject.cpp; sourceTree = "<group>"; };
		E3A7BA84233903C900960296 /* EventObject.h */ = {isa = PBXFileReference; fileEncoding = 4; lastKnownFileType = sourcecode.c.h; path = EventObject.h; sourceTree = "<group>"; };
		E3A7BA85233903C900960296 /* IEventDispatcher.h */ = {isa = PBXFileReference; fileEncoding = 4; lastKnownFileType = sourcecode.c.h; path = IEventDispatcher.h; sourceTree = "<group>"; };
		E3A7BA87233903C900960296 /* BaseFactory.cpp */ = {isa = PBXFileReference; fileEncoding = 4; lastKnownFileType = sourcecode.cpp.cpp; path = BaseFactory.cpp; sourceTree = "<group>"; };
		E3A7BA88233903C900960296 /* BaseFactory.h */ = {isa = PBXFileReference; fileEncoding = 4; lastKnownFileType = sourcecode.c.h; path = BaseFactory.h; sourceTree = "<group>"; };
		E3A7BAA92339046500960296 /* Box.cpp */ = {isa = PBXFileReference; lastKnownFileType = sourcecode.cpp.cpp; path = Box.cpp; sourceTree = "<group>"; };
		E3A7BAAA2339046500960296 /* Box.hpp */ = {isa = PBXFileReference; lastKnownFileType = sourcecode.cpp.h; path = Box.hpp; sourceTree = "<group>"; };
		E3A7BAAE233906F200960296 /* Character.cpp */ = {isa = PBXFileReference; lastKnownFileType = sourcecode.cpp.cpp; path = Character.cpp; sourceTree = "<group>"; };
		E3A7BAAF233906F200960296 /* Character.hpp */ = {isa = PBXFileReference; lastKnownFileType = sourcecode.cpp.h; path = Character.hpp; sourceTree = "<group>"; };
		E3A7BAB12339077300960296 /* CharacterDisplay.cpp */ = {isa = PBXFileReference; lastKnownFileType = sourcecode.cpp.cpp; path = CharacterDisplay.cpp; sourceTree = "<group>"; };
		E3A7BAB22339077300960296 /* CharacterDisplay.hpp */ = {isa = PBXFileReference; lastKnownFileType = sourcecode.cpp.h; path = CharacterDisplay.hpp; sourceTree = "<group>"; };
		E3A7BAB4233907E900960296 /* CharacterUI.cpp */ = {isa = PBXFileReference; lastKnownFileType = sourcecode.cpp.cpp; path = CharacterUI.cpp; sourceTree = "<group>"; };
		E3A7BAB5233907E900960296 /* CharacterUI.hpp */ = {isa = PBXFileReference; lastKnownFileType = sourcecode.cpp.h; path = CharacterUI.hpp; sourceTree = "<group>"; };
		E3A7BAB82339201D00960296 /* Card.cpp */ = {isa = PBXFileReference; lastKnownFileType = sourcecode.cpp.cpp; path = Card.cpp; sourceTree = "<group>"; };
		E3A7BAB92339201D00960296 /* Card.hpp */ = {isa = PBXFileReference; lastKnownFileType = sourcecode.cpp.h; path = Card.hpp; sourceTree = "<group>"; };
		E3A7BABB233920A300960296 /* CardDisplay.cpp */ = {isa = PBXFileReference; lastKnownFileType = sourcecode.cpp.cpp; path = CardDisplay.cpp; sourceTree = "<group>"; };
		E3A7BABC233920A300960296 /* CardDisplay.hpp */ = {isa = PBXFileReference; lastKnownFileType = sourcecode.cpp.h; path = CardDisplay.hpp; sourceTree = "<group>"; };
		E3A7BABF2339215800960296 /* DeckCard.cpp */ = {isa = PBXFileReference; lastKnownFileType = sourcecode.cpp.cpp; path = DeckCard.cpp; sourceTree = "<group>"; };
		E3A7BAC02339215800960296 /* DeckCard.hpp */ = {isa = PBXFileReference; lastKnownFileType = sourcecode.cpp.h; path = DeckCard.hpp; sourceTree = "<group>"; };
		E3A7BAC2233921DF00960296 /* LibraryCard.cpp */ = {isa = PBXFileReference; lastKnownFileType = sourcecode.cpp.cpp; path = LibraryCard.cpp; sourceTree = "<group>"; };
		E3A7BAC3233921DF00960296 /* LibraryCard.hpp */ = {isa = PBXFileReference; lastKnownFileType = sourcecode.cpp.h; path = LibraryCard.hpp; sourceTree = "<group>"; };
		E3A7BAC52339228000960296 /* SheetCard.cpp */ = {isa = PBXFileReference; lastKnownFileType = sourcecode.cpp.cpp; path = SheetCard.cpp; sourceTree = "<group>"; };
		E3A7BAC62339228000960296 /* SheetCard.hpp */ = {isa = PBXFileReference; lastKnownFileType = sourcecode.cpp.h; path = SheetCard.hpp; sourceTree = "<group>"; };
		E3A7BAC82339262600960296 /* MainAction.cpp */ = {isa = PBXFileReference; lastKnownFileType = sourcecode.cpp.cpp; path = MainAction.cpp; sourceTree = "<group>"; };
		E3A7BAC92339262600960296 /* MainAction.hpp */ = {isa = PBXFileReference; lastKnownFileType = sourcecode.cpp.h; path = MainAction.hpp; sourceTree = "<group>"; };
		E3A7BACB2339272000960296 /* GameBoxes.cpp */ = {isa = PBXFileReference; lastKnownFileType = sourcecode.cpp.cpp; path = GameBoxes.cpp; sourceTree = "<group>"; };
		E3A7BACC2339272000960296 /* GameBoxes.hpp */ = {isa = PBXFileReference; lastKnownFileType = sourcecode.cpp.h; path = GameBoxes.hpp; sourceTree = "<group>"; };
		E3A7BACE2339276100960296 /* GameCards.cpp */ = {isa = PBXFileReference; lastKnownFileType = sourcecode.cpp.cpp; path = GameCards.cpp; sourceTree = "<group>"; };
		E3A7BACF2339276200960296 /* GameCards.hpp */ = {isa = PBXFileReference; lastKnownFileType = sourcecode.cpp.h; path = GameCards.hpp; sourceTree = "<group>"; };
		E3A7BAD12339283D00960296 /* GameCharacters.cpp */ = {isa = PBXFileReference; lastKnownFileType = sourcecode.cpp.cpp; path = GameCharacters.cpp; sourceTree = "<group>"; };
		E3A7BAD22339283D00960296 /* GameCharacters.hpp */ = {isa = PBXFileReference; lastKnownFileType = sourcecode.cpp.h; path = GameCharacters.hpp; sourceTree = "<group>"; };
		E3A7BAD423392A6A00960296 /* GameDirector.cpp */ = {isa = PBXFileReference; lastKnownFileType = sourcecode.cpp.cpp; path = GameDirector.cpp; sourceTree = "<group>"; };
		E3A7BAD523392A6A00960296 /* GameDirector.hpp */ = {isa = PBXFileReference; lastKnownFileType = sourcecode.cpp.h; path = GameDirector.hpp; sourceTree = "<group>"; };
		E3A7BAD82339F5B400960296 /* CCTextureAtlasData.h */ = {isa = PBXFileReference; fileEncoding = 4; lastKnownFileType = sourcecode.c.h; path = CCTextureAtlasData.h; sourceTree = "<group>"; };
		E3A7BAD92339F5B400960296 /* CCArmatureDisplay.cpp */ = {isa = PBXFileReference; fileEncoding = 4; lastKnownFileType = sourcecode.cpp.cpp; path = CCArmatureDisplay.cpp; sourceTree = "<group>"; };
		E3A7BADA2339F5B400960296 /* CCSlot.cpp */ = {isa = PBXFileReference; fileEncoding = 4; lastKnownFileType = sourcecode.cpp.cpp; path = CCSlot.cpp; sourceTree = "<group>"; };
		E3A7BADB2339F5B400960296 /* CCArmatureDisplay.h */ = {isa = PBXFileReference; fileEncoding = 4; lastKnownFileType = sourcecode.c.h; path = CCArmatureDisplay.h; sourceTree = "<group>"; };
		E3A7BADC2339F5B400960296 /* CCFactory.cpp */ = {isa = PBXFileReference; fileEncoding = 4; lastKnownFileType = sourcecode.cpp.cpp; path = CCFactory.cpp; sourceTree = "<group>"; };
		E3A7BADD2339F5B400960296 /* CCDragonBonesHeaders.h */ = {isa = PBXFileReference; fileEncoding = 4; lastKnownFileType = sourcecode.c.h; path = CCDragonBonesHeaders.h; sourceTree = "<group>"; };
		E3A7BADE2339F5B400960296 /* CCTextureAtlasData.cpp */ = {isa = PBXFileReference; fileEncoding = 4; lastKnownFileType = sourcecode.cpp.cpp; path = CCTextureAtlasData.cpp; sourceTree = "<group>"; };
		E3A7BADF2339F5B400960296 /* CCFactory.h */ = {isa = PBXFileReference; fileEncoding = 4; lastKnownFileType = sourcecode.c.h; path = CCFactory.h; sourceTree = "<group>"; };
		E3A7BAE02339F5B400960296 /* CCSlot.h */ = {isa = PBXFileReference; fileEncoding = 4; lastKnownFileType = sourcecode.c.h; path = CCSlot.h; sourceTree = "<group>"; };
		E3A7BE48238E79DA002D42DD /* KFSpecCard.cpp */ = {isa = PBXFileReference; lastKnownFileType = sourcecode.cpp.cpp; path = KFSpecCard.cpp; sourceTree = "<group>"; };
		E3A7BE49238E79DA002D42DD /* KFSpecCard.hpp */ = {isa = PBXFileReference; lastKnownFileType = sourcecode.cpp.h; path = KFSpecCard.hpp; sourceTree = "<group>"; };
		E3C01C8E233E5CFA008171B3 /* BoxMask.hpp */ = {isa = PBXFileReference; fileEncoding = 4; lastKnownFileType = sourcecode.cpp.h; path = BoxMask.hpp; sourceTree = "<group>"; };
		E3C01C8F233E5CFA008171B3 /* BoxMask.cpp */ = {isa = PBXFileReference; fileEncoding = 4; lastKnownFileType = sourcecode.cpp.cpp; path = BoxMask.cpp; sourceTree = "<group>"; };
		E3E1077F2692DFA300E40725 /* TestScene.cpp */ = {isa = PBXFileReference; lastKnownFileType = sourcecode.cpp.cpp; path = TestScene.cpp; sourceTree = "<group>"; };
		E3E107802692DFA300E40725 /* TestScene.hpp */ = {isa = PBXFileReference; lastKnownFileType = sourcecode.cpp.h; path = TestScene.hpp; sourceTree = "<group>"; };
		E3E1078326971FB100E40725 /* MainSounds.cpp */ = {isa = PBXFileReference; lastKnownFileType = sourcecode.cpp.cpp; path = MainSounds.cpp; sourceTree = "<group>"; };
		E3E1078426971FB100E40725 /* MainSounds.hpp */ = {isa = PBXFileReference; lastKnownFileType = sourcecode.cpp.h; path = MainSounds.hpp; sourceTree = "<group>"; };
		ED545A7B1B68A1F400C3958E /* libiconv.dylib */ = {isa = PBXFileReference; lastKnownFileType = "compiled.mach-o.dylib"; name = libiconv.dylib; path = Platforms/iPhoneOS.platform/Developer/SDKs/iPhoneOS.sdk/usr/lib/libiconv.dylib; sourceTree = DEVELOPER_DIR; };
		ED545A7D1B68A1FA00C3958E /* libiconv.dylib */ = {isa = PBXFileReference; lastKnownFileType = "compiled.mach-o.dylib"; name = libiconv.dylib; path = usr/lib/libiconv.dylib; sourceTree = SDKROOT; };
/* End PBXFileReference section */

/* Begin PBXFrameworksBuildPhase section */
		1D60588F0D05DD3D006BFB54 /* Frameworks */ = {
			isa = PBXFrameworksBuildPhase;
			buildActionMask = 2147483647;
			files = (
				294D0D641D0D56D500F7F5D4 /* CoreText.framework in Frameworks */,
				ED545A7C1B68A1F400C3958E /* libiconv.dylib in Frameworks */,
				52B47A471A53D09C004E4C60 /* Security.framework in Frameworks */,
				1AC6FB30180E99EB004C840B /* libcocos2d iOS.a in Frameworks */,
				D6B0611B1803AB670077942B /* CoreMotion.framework in Frameworks */,
				1D60589F0D05DD5A006BFB54 /* Foundation.framework in Frameworks */,
				1DF5F4E00D08C38300B7A737 /* UIKit.framework in Frameworks */,
				288765A50DF7441C002DB57D /* CoreGraphics.framework in Frameworks */,
				BF171245129291EC00B8313A /* OpenGLES.framework in Frameworks */,
				BF1712471292920000B8313A /* libz.dylib in Frameworks */,
				BF1C47F01293687400B63C5D /* QuartzCore.framework in Frameworks */,
				D44C620C132DFF330009C878 /* OpenAL.framework in Frameworks */,
				D44C620E132DFF430009C878 /* AVFoundation.framework in Frameworks */,
				D44C6210132DFF4E0009C878 /* AudioToolbox.framework in Frameworks */,
			);
			runOnlyForDeploymentPostprocessing = 0;
		};
		5087E75C17EB910900C73F5D /* Frameworks */ = {
			isa = PBXFrameworksBuildPhase;
			buildActionMask = 2147483647;
			files = (
				ED545A7E1B68A1FA00C3958E /* libiconv.dylib in Frameworks */,
				1AC6FB21180E996B004C840B /* libcocos2d Mac.a in Frameworks */,
				5087E76717EB910900C73F5D /* libz.dylib in Frameworks */,
				8262943E1AAF051F00CB7CF7 /* Security.framework in Frameworks */,
				503AE11B17EB9C5A00D1A890 /* IOKit.framework in Frameworks */,
				5087E78B17EB975400C73F5D /* OpenGL.framework in Frameworks */,
				5087E78917EB974C00C73F5D /* AppKit.framework in Frameworks */,
				5087E76317EB910900C73F5D /* Foundation.framework in Frameworks */,
				5087E76817EB910900C73F5D /* QuartzCore.framework in Frameworks */,
				5087E76917EB910900C73F5D /* OpenAL.framework in Frameworks */,
				5087E76A17EB910900C73F5D /* AVFoundation.framework in Frameworks */,
				5087E76B17EB910900C73F5D /* AudioToolbox.framework in Frameworks */,
			);
			runOnlyForDeploymentPostprocessing = 0;
		};
/* End PBXFrameworksBuildPhase section */

/* Begin PBXGroup section */
		19C28FACFE9D520D11CA2CBB /* Products */ = {
			isa = PBXGroup;
			children = (
				1D6058910D05DD3D006BFB54 /* kingfield-mobile.app */,
				5087E76F17EB910900C73F5D /* kingfield-desktop.app */,
			);
			name = Products;
			sourceTree = "<group>";
		};
		1AC6FAE6180E9839004C840B /* Products */ = {
			isa = PBXGroup;
			children = (
				1AC6FAF9180E9839004C840B /* libcocos2d Mac.a */,
				1AC6FB07180E9839004C840B /* libcocos2d iOS.a */,
				1A7533E31F6F75F6007E8E6F /* libcocos2d tvOS.a */,
			);
			name = Products;
			sourceTree = "<group>";
		};
		1AF87B461F6F77D6007BE51C /* ios */ = {
			isa = PBXGroup;
			children = (
				1A88B2631FC3D9C9005C14AE /* Images.xcassets */,
				1AF87B471F6F77D6007BE51C /* AppController.h */,
				1AF87B481F6F77D6007BE51C /* AppController.mm */,
				1AF87B581F6F77D6007BE51C /* Info.plist */,
				1AF87B591F6F77D6007BE51C /* LaunchScreen.storyboard */,
				E328E7AB233BBE4B0017C1E8 /* axxwelLaunchScreen.png */,
				1AF87B5B1F6F77D6007BE51C /* main.m */,
				1AF87B5C1F6F77D6007BE51C /* Prefix.pch */,
				1AF87B5D1F6F77D6007BE51C /* RootViewController.h */,
				1AF87B5E1F6F77D6007BE51C /* RootViewController.mm */,
			);
			path = ios;
			sourceTree = "<group>";
		};
		29B97314FDCFA39411CA2CEA /* CustomTemplate */ = {
			isa = PBXGroup;
			children = (
				E3A7BA3B233903C900960296 /* dragonBones */,
				E3A7BA142338FE2800960296 /* AppWarpX_3.0 */,
				46880B8319C43A87006E1F66 /* Classes */,
				46880B7519C43A67006E1F66 /* Resources */,
				1AC6FAE5180E9839004C840B /* cocos2d_libs.xcodeproj */,
				29B97323FDCFA39411CA2CEA /* Frameworks */,
				1AF87B461F6F77D6007BE51C /* ios */,
				503AE10617EB990700D1A890 /* mac */,
				19C28FACFE9D520D11CA2CBB /* Products */,
			);
			name = CustomTemplate;
			sourceTree = "<group>";
		};
		29B97323FDCFA39411CA2CEA /* Frameworks */ = {
			isa = PBXGroup;
			children = (
				294D0D631D0D56D500F7F5D4 /* CoreText.framework */,
				ED545A7D1B68A1FA00C3958E /* libiconv.dylib */,
				ED545A7B1B68A1F400C3958E /* libiconv.dylib */,
				8262943D1AAF051F00CB7CF7 /* Security.framework */,
				52B47A461A53D09B004E4C60 /* Security.framework */,
				D6B0611A1803AB670077942B /* CoreMotion.framework */,
				503AE11A17EB9C5A00D1A890 /* IOKit.framework */,
				503AE11117EB99EE00D1A890 /* libcurl.dylib */,
				5087E78A17EB975400C73F5D /* OpenGL.framework */,
				5087E78817EB974C00C73F5D /* AppKit.framework */,
				1ACB3243164770DE00914215 /* libcurl.a */,
				BF170DB412928DE900B8313A /* libz.dylib */,
				D44C620F132DFF4E0009C878 /* AudioToolbox.framework */,
				D44C620D132DFF430009C878 /* AVFoundation.framework */,
				288765A40DF7441C002DB57D /* CoreGraphics.framework */,
				1D30AB110D05D00D00671497 /* Foundation.framework */,
				D44C620B132DFF330009C878 /* OpenAL.framework */,
				BF170DB012928DE900B8313A /* OpenGLES.framework */,
				BF1C47EA1293683800B63C5D /* QuartzCore.framework */,
				1DF5F4DF0D08C38300B7A737 /* UIKit.framework */,
			);
			name = Frameworks;
			sourceTree = "<group>";
		};
		46880B7519C43A67006E1F66 /* Resources */ = {
			isa = PBXGroup;
			children = (
				521A8EA819F11F5000D177D7 /* fonts */,
				3EACC98E19EE6D4300EB3C5E /* res */,
			);
			name = Resources;
			path = ../Resources;
			sourceTree = "<group>";
		};
		46880B8319C43A87006E1F66 /* Classes */ = {
			isa = PBXGroup;
			children = (
				E3A7BA032338DA5400960296 /* Constants.h */,
				46880B8419C43A87006E1F66 /* AppDelegate.cpp */,
				46880B8519C43A87006E1F66 /* AppDelegate.h */,
				E3E1077E2692DF6A00E40725 /* test */,
				E3A7BA372339022400960296 /* KFObject */,
				E392C1832338B49F007F79E4 /* main */,
				E328E7AD233CB1C70017C1E8 /* game */,
				E328E7A2233B333C0017C1E8 /* scenes */,
				E3A7BAA82339040000960296 /* boxes */,
				E3A7BAAD233906A900960296 /* characters */,
				E3A7BAB723391FC300960296 /* cards */,
			);
			name = Classes;
			path = ../Classes;
			sourceTree = "<group>";
		};
		503AE0F517EB97AB00D1A890 /* Icons */ = {
			isa = PBXGroup;
			children = (
				503AE0F617EB97AB00D1A890 /* Icon.icns */,
				503AE0F717EB97AB00D1A890 /* Info.plist */,
			);
			name = Icons;
			path = mac;
			sourceTree = SOURCE_ROOT;
		};
		503AE10617EB990700D1A890 /* mac */ = {
			isa = PBXGroup;
			children = (
				503AE0F517EB97AB00D1A890 /* Icons */,
				503AE10317EB98FF00D1A890 /* main.cpp */,
				503AE10417EB98FF00D1A890 /* Prefix.pch */,
			);
			name = mac;
			sourceTree = "<group>";
		};
		E328E7A2233B333C0017C1E8 /* scenes */ = {
			isa = PBXGroup;
			children = (
				E328E7A4233B33AA0017C1E8 /* SceneIntro.cpp */,
				E328E7A5233B33AA0017C1E8 /* SceneIntro.hpp */,
				E38072A223437BC500A413AC /* SceneBarrack.cpp */,
				E38072A323437BC500A413AC /* SceneBarrack.hpp */,
				E38072AB2345C88D00A413AC /* SceneFight.cpp */,
				E38072AC2345C88D00A413AC /* SceneFight.hpp */,
				E38072A72345B65D00A413AC /* SceneOption.cpp */,
				E38072A82345B65D00A413AC /* SceneOption.hpp */,
			);
			path = scenes;
			sourceTree = "<group>";
		};
		E328E7AD233CB1C70017C1E8 /* game */ = {
			isa = PBXGroup;
			children = (
				E3A7BAD423392A6A00960296 /* GameDirector.cpp */,
				E3A7BAD523392A6A00960296 /* GameDirector.hpp */,
				E328E7AE233CB20A0017C1E8 /* GameInfoLayer.cpp */,
				E328E7AF233CB20A0017C1E8 /* GameInfoLayer.hpp */,
			);
			path = game;
			sourceTree = "<group>";
		};
		E392C1832338B49F007F79E4 /* main */ = {
			isa = PBXGroup;
			children = (
				E392C1842338B4D5007F79E4 /* MainScene.cpp */,
				E392C1852338B4D5007F79E4 /* MainScene.hpp */,
				E3A7BA082338F71A00960296 /* MainGrid.cpp */,
				E3A7BA092338F71A00960296 /* MainGrid.hpp */,
				E3A7BA052338F5DF00960296 /* MainUser.cpp */,
				E3A7BA062338F5E000960296 /* MainUser.hpp */,
				E3A7BA0B2338F77B00960296 /* MainObject.cpp */,
				E3A7BA0C2338F77B00960296 /* MainObject.hpp */,
				E3A7BA0E2338F7E000960296 /* MainStuff.cpp */,
				E3A7BA0F2338F7E000960296 /* MainStuff.hpp */,
				E3A7BA112338F88100960296 /* MainMultiPlayer.cpp */,
				E3A7BA122338F88100960296 /* MainMultiPlayer.hpp */,
				E3A7BAC82339262600960296 /* MainAction.cpp */,
				E3A7BAC92339262600960296 /* MainAction.hpp */,
				E3E1078326971FB100E40725 /* MainSounds.cpp */,
				E3E1078426971FB100E40725 /* MainSounds.hpp */,
			);
			path = main;
			sourceTree = "<group>";
		};
		E3A7BA142338FE2800960296 /* AppWarpX_3.0 */ = {
			isa = PBXGroup;
			children = (
				E3A7BA152338FE2900960296 /* appwarp.h */,
				E3A7BA162338FE2900960296 /* listener.h */,
				E3A7BA172338FE2900960296 /* udpsocket.h */,
				E3A7BA182338FE2900960296 /* requests.h */,
				E3A7BA192338FE2900960296 /* base64.h */,
				E3A7BA1A2338FE2900960296 /* base64.cpp */,
				E3A7BA1B2338FE2900960296 /* cJSON.h */,
				E3A7BA1C2338FE2900960296 /* socket.cpp */,
				E3A7BA1D2338FE2900960296 /* HMAC_SHA1.cpp */,
				E3A7BA1E2338FE2900960296 /* utilities.h */,
				E3A7BA1F2338FE2900960296 /* SHA1.cpp */,
				E3A7BA202338FE2900960296 /* appwarp.cpp */,
				E3A7BA212338FE2900960296 /* utilities.cpp */,
				E3A7BA222338FE2900960296 /* defines.h */,
				E3A7BA232338FE2900960296 /* appwarp_extended.cpp */,
				E3A7BA242338FE2900960296 /* urlencode.h */,
				E3A7BA252338FE2900960296 /* HMAC_SHA1.h */,
				E3A7BA262338FE2900960296 /* cJSON.c */,
				E3A7BA272338FE2900960296 /* SHA1.h */,
				E3A7BA282338FE2900960296 /* requests.cpp */,
				E3A7BA292338FE2900960296 /* urlencode.cpp */,
				E3A7BA2A2338FE2900960296 /* udpsocket.cpp */,
				E3A7BA2B2338FE2900960296 /* socket.h */,
			);
			path = AppWarpX_3.0;
			sourceTree = "<group>";
		};
		E3A7BA372339022400960296 /* KFObject */ = {
			isa = PBXGroup;
			children = (
				E3A7BA382339025B00960296 /* KFNode.cpp */,
				E3A7BA392339025B00960296 /* KFNode.hpp */,
				E326550C233A5364006FC91B /* KFScene.cpp */,
				E326550D233A5364006FC91B /* KFScene.hpp */,
				E328E7B1233CE1F40017C1E8 /* KFSprite.cpp */,
				E328E7B2233CE1F40017C1E8 /* KFSprite.hpp */,
				E3A7BE48238E79DA002D42DD /* KFSpecCard.cpp */,
				E3A7BE49238E79DA002D42DD /* KFSpecCard.hpp */,
				E337CC2A2386BA4D009011CF /* KFAction.cpp */,
				E337CC2B2386BA4D009011CF /* KFAction.hpp */,
			);
			path = KFObject;
			sourceTree = "<group>";
		};
		E3A7BA3B233903C900960296 /* dragonBones */ = {
			isa = PBXGroup;
			children = (
				E3A7BA3C233903C900960296 /* DragonBonesHeaders.h */,
				E3A7BAD72339F5B400960296 /* cocos2dx */,
				E3A7BA3D233903C900960296 /* core */,
				E3A7BA42233903C900960296 /* armature */,
				E3A7BA50233903C900960296 /* animation */,
				E3A7BA5C233903C900960296 /* parser */,
				E3A7BA63233903C900960296 /* geom */,
				E3A7BA6B233903C900960296 /* model */,
				E3A7BA82233903C900960296 /* event */,
				E3A7BA86233903C900960296 /* factory */,
			);
			path = dragonBones;
			sourceTree = "<group>";
		};
		E3A7BA3D233903C900960296 /* core */ = {
			isa = PBXGroup;
			children = (
				E3A7BA3E233903C900960296 /* BaseObject.h */,
				E3A7BA3F233903C900960296 /* BaseObject.cpp */,
				E3A7BA40233903C900960296 /* DragonBones.h */,
				E3A7BA41233903C900960296 /* DragonBones.cpp */,
			);
			path = core;
			sourceTree = "<group>";
		};
		E3A7BA42233903C900960296 /* armature */ = {
			isa = PBXGroup;
			children = (
				E3A7BA43233903C900960296 /* Bone.cpp */,
				E3A7BA44233903C900960296 /* TransformObject.h */,
				E3A7BA45233903C900960296 /* DeformVertices.cpp */,
				E3A7BA46233903C900960296 /* Bone.h */,
				E3A7BA47233903C900960296 /* Constraint.cpp */,
				E3A7BA48233903C900960296 /* Armature.cpp */,
				E3A7BA49233903C900960296 /* DeformVertices.h */,
				E3A7BA4A233903C900960296 /* Armature.h */,
				E3A7BA4B233903C900960296 /* Constraint.h */,
				E3A7BA4C233903C900960296 /* IArmatureProxy.h */,
				E3A7BA4D233903C900960296 /* Slot.cpp */,
				E3A7BA4E233903C900960296 /* Slot.h */,
				E3A7BA4F233903C900960296 /* TransformObject.cpp */,
			);
			path = armature;
			sourceTree = "<group>";
		};
		E3A7BA50233903C900960296 /* animation */ = {
			isa = PBXGroup;
			children = (
				E3A7BA51233903C900960296 /* Animation.h */,
				E3A7BA52233903C900960296 /* BaseTimelineState.h */,
				E3A7BA53233903C900960296 /* WorldClock.h */,
				E3A7BA54233903C900960296 /* WorldClock.cpp */,
				E3A7BA55233903C900960296 /* TimelineState.h */,
				E3A7BA56233903C900960296 /* TimelineState.cpp */,
				E3A7BA57233903C900960296 /* BaseTimelineState.cpp */,
				E3A7BA58233903C900960296 /* Animation.cpp */,
				E3A7BA59233903C900960296 /* IAnimatable.h */,
				E3A7BA5A233903C900960296 /* AnimationState.cpp */,
				E3A7BA5B233903C900960296 /* AnimationState.h */,
			);
			path = animation;
			sourceTree = "<group>";
		};
		E3A7BA5C233903C900960296 /* parser */ = {
			isa = PBXGroup;
			children = (
				E3A7BA5D233903C900960296 /* JSONDataParser.h */,
				E3A7BA5E233903C900960296 /* DataParser.h */,
				E3A7BA5F233903C900960296 /* BinaryDataParser.cpp */,
				E3A7BA60233903C900960296 /* JSONDataParser.cpp */,
				E3A7BA61233903C900960296 /* DataParser.cpp */,
				E3A7BA62233903C900960296 /* BinaryDataParser.h */,
			);
			path = parser;
			sourceTree = "<group>";
		};
		E3A7BA63233903C900960296 /* geom */ = {
			isa = PBXGroup;
			children = (
				E3A7BA64233903C900960296 /* Point.h */,
				E3A7BA65233903C900960296 /* Matrix.h */,
				E3A7BA66233903C900960296 /* Transform.cpp */,
				E3A7BA67233903C900960296 /* Point.cpp */,
				E3A7BA68233903C900960296 /* Transform.h */,
				E3A7BA69233903C900960296 /* Rectangle.h */,
				E3A7BA6A233903C900960296 /* ColorTransform.h */,
			);
			path = geom;
			sourceTree = "<group>";
		};
		E3A7BA6B233903C900960296 /* model */ = {
			isa = PBXGroup;
			children = (
				E3A7BA6C233903C900960296 /* ArmatureData.h */,
				E3A7BA6D233903C900960296 /* BoundingBoxData.h */,
				E3A7BA6E233903C900960296 /* TextureAtlasData.h */,
				E3A7BA6F233903C900960296 /* DragonBonesData.cpp */,
				E3A7BA70233903C900960296 /* AnimationData.h */,
				E3A7BA71233903C900960296 /* BoundingBoxData.cpp */,
				E3A7BA72233903C900960296 /* DisplayData.cpp */,
				E3A7BA73233903C900960296 /* ConstraintData.cpp */,
				E3A7BA74233903C900960296 /* AnimationConfig.cpp */,
				E3A7BA75233903C900960296 /* UserData.h */,
				E3A7BA76233903C900960296 /* SkinData.cpp */,
				E3A7BA77233903C900960296 /* SkinData.h */,
				E3A7BA78233903C900960296 /* DisplayData.h */,
				E3A7BA79233903C900960296 /* AnimationData.cpp */,
				E3A7BA7A233903C900960296 /* CanvasData.cpp */,
				E3A7BA7B233903C900960296 /* ArmatureData.cpp */,
				E3A7BA7C233903C900960296 /* CanvasData.h */,
				E3A7BA7D233903C900960296 /* DragonBonesData.h */,
				E3A7BA7E233903C900960296 /* AnimationConfig.h */,
				E3A7BA7F233903C900960296 /* ConstraintData.h */,
				E3A7BA80233903C900960296 /* UserData.cpp */,
				E3A7BA81233903C900960296 /* TextureAtlasData.cpp */,
			);
			path = model;
			sourceTree = "<group>";
		};
		E3A7BA82233903C900960296 /* event */ = {
			isa = PBXGroup;
			children = (
				E3A7BA83233903C900960296 /* EventObject.cpp */,
				E3A7BA84233903C900960296 /* EventObject.h */,
				E3A7BA85233903C900960296 /* IEventDispatcher.h */,
			);
			path = event;
			sourceTree = "<group>";
		};
		E3A7BA86233903C900960296 /* factory */ = {
			isa = PBXGroup;
			children = (
				E3A7BA87233903C900960296 /* BaseFactory.cpp */,
				E3A7BA88233903C900960296 /* BaseFactory.h */,
			);
			path = factory;
			sourceTree = "<group>";
		};
		E3A7BAA82339040000960296 /* boxes */ = {
			isa = PBXGroup;
			children = (
				E3A7BACB2339272000960296 /* GameBoxes.cpp */,
				E3A7BACC2339272000960296 /* GameBoxes.hpp */,
				E3A7BAA92339046500960296 /* Box.cpp */,
				E3A7BAAA2339046500960296 /* Box.hpp */,
				E3C01C8F233E5CFA008171B3 /* BoxMask.cpp */,
				E3C01C8E233E5CFA008171B3 /* BoxMask.hpp */,
				E3711678265ED7E60008714A /* BoxDisplay.cpp */,
				E3711679265ED7E60008714A /* BoxDisplay.hpp */,
			);
			path = boxes;
			sourceTree = "<group>";
		};
		E3A7BAAD233906A900960296 /* characters */ = {
			isa = PBXGroup;
			children = (
				E3A7BAD12339283D00960296 /* GameCharacters.cpp */,
				E3A7BAD22339283D00960296 /* GameCharacters.hpp */,
				E3A7BAAE233906F200960296 /* Character.cpp */,
				E3A7BAAF233906F200960296 /* Character.hpp */,
				E3A7BAB12339077300960296 /* CharacterDisplay.cpp */,
				E3A7BAB22339077300960296 /* CharacterDisplay.hpp */,
				E3A7BAB4233907E900960296 /* CharacterUI.cpp */,
				E3A7BAB5233907E900960296 /* CharacterUI.hpp */,
				E36144822604B3470074F0C2 /* CharacterInfo.cpp */,
				E36144832604B3470074F0C2 /* CharacterInfo.hpp */,
			);
			path = characters;
			sourceTree = "<group>";
		};
		E3A7BAB723391FC300960296 /* cards */ = {
			isa = PBXGroup;
			children = (
				E3A7BACE2339276100960296 /* GameCards.cpp */,
				E3A7BACF2339276200960296 /* GameCards.hpp */,
				E3A7BAB82339201D00960296 /* Card.cpp */,
				E3A7BAB92339201D00960296 /* Card.hpp */,
				E3A7BABB233920A300960296 /* CardDisplay.cpp */,
				E3A7BABC233920A300960296 /* CardDisplay.hpp */,
				E3A7BABE233920EF00960296 /* cardTypes */,
			);
			path = cards;
			sourceTree = "<group>";
		};
		E3A7BABE233920EF00960296 /* cardTypes */ = {
			isa = PBXGroup;
			children = (
				E3A7BABF2339215800960296 /* DeckCard.cpp */,
				E3A7BAC02339215800960296 /* DeckCard.hpp */,
				E3A7BAC2233921DF00960296 /* LibraryCard.cpp */,
				E3A7BAC3233921DF00960296 /* LibraryCard.hpp */,
				E3A7BAC52339228000960296 /* SheetCard.cpp */,
				E3A7BAC62339228000960296 /* SheetCard.hpp */,
			);
			path = cardTypes;
			sourceTree = "<group>";
		};
		E3A7BAD72339F5B400960296 /* cocos2dx */ = {
			isa = PBXGroup;
			children = (
				E3A7BAD82339F5B400960296 /* CCTextureAtlasData.h */,
				E3A7BAD92339F5B400960296 /* CCArmatureDisplay.cpp */,
				E3A7BADA2339F5B400960296 /* CCSlot.cpp */,
				E3A7BADB2339F5B400960296 /* CCArmatureDisplay.h */,
				E3A7BADC2339F5B400960296 /* CCFactory.cpp */,
				E3A7BADD2339F5B400960296 /* CCDragonBonesHeaders.h */,
				E3A7BADE2339F5B400960296 /* CCTextureAtlasData.cpp */,
				E3A7BADF2339F5B400960296 /* CCFactory.h */,
				E3A7BAE02339F5B400960296 /* CCSlot.h */,
			);
			path = cocos2dx;
			sourceTree = "<group>";
		};
		E3E1077E2692DF6A00E40725 /* test */ = {
			isa = PBXGroup;
			children = (
				E3E1077F2692DFA300E40725 /* TestScene.cpp */,
				E3E107802692DFA300E40725 /* TestScene.hpp */,
			);
			path = test;
			sourceTree = "<group>";
		};
/* End PBXGroup section */

/* Begin PBXNativeTarget section */
		1D6058900D05DD3D006BFB54 /* kingfield-mobile */ = {
			isa = PBXNativeTarget;
			buildConfigurationList = 1D6058960D05DD3E006BFB54 /* Build configuration list for PBXNativeTarget "kingfield-mobile" */;
			buildPhases = (
				1D60588D0D05DD3D006BFB54 /* Resources */,
				1D60588E0D05DD3D006BFB54 /* Sources */,
				1D60588F0D05DD3D006BFB54 /* Frameworks */,
			);
			buildRules = (
			);
			dependencies = (
				1AC6FB25180E99E1004C840B /* PBXTargetDependency */,
			);
			name = "kingfield-mobile";
			productName = iphone;
			productReference = 1D6058910D05DD3D006BFB54 /* kingfield-mobile.app */;
			productType = "com.apple.product-type.application";
		};
		5087E73D17EB910900C73F5D /* kingfield-desktop */ = {
			isa = PBXNativeTarget;
			buildConfigurationList = 5087E76C17EB910900C73F5D /* Build configuration list for PBXNativeTarget "kingfield-desktop" */;
			buildPhases = (
				5087E74817EB910900C73F5D /* Resources */,
				5087E75617EB910900C73F5D /* Sources */,
				5087E75C17EB910900C73F5D /* Frameworks */,
			);
			buildRules = (
			);
			dependencies = (
				1AC6FB16180E9959004C840B /* PBXTargetDependency */,
			);
			name = "kingfield-desktop";
			productName = iphone;
			productReference = 5087E76F17EB910900C73F5D /* kingfield-desktop.app */;
			productType = "com.apple.product-type.application";
		};
/* End PBXNativeTarget section */

/* Begin PBXProject section */
		29B97313FDCFA39411CA2CEA /* Project object */ = {
			isa = PBXProject;
			attributes = {
				LastUpgradeCheck = 1250;
				TargetAttributes = {
					1D6058900D05DD3D006BFB54 = {
						DevelopmentTeam = 6HN89VPPTW;
					};
				};
			};
			buildConfigurationList = C01FCF4E08A954540054247B /* Build configuration list for PBXProject "kingfield" */;
			compatibilityVersion = "Xcode 3.2";
			developmentRegion = English;
			hasScannedForEncodings = 1;
			knownRegions = (
				English,
				Japanese,
				French,
				German,
				Base,
			);
			mainGroup = 29B97314FDCFA39411CA2CEA /* CustomTemplate */;
			projectDirPath = "";
			projectReferences = (
				{
					ProductGroup = 1AC6FAE6180E9839004C840B /* Products */;
					ProjectRef = 1AC6FAE5180E9839004C840B /* cocos2d_libs.xcodeproj */;
				},
			);
			projectRoot = "";
			targets = (
				1D6058900D05DD3D006BFB54 /* kingfield-mobile */,
				5087E73D17EB910900C73F5D /* kingfield-desktop */,
			);
		};
/* End PBXProject section */

/* Begin PBXReferenceProxy section */
		1A7533E31F6F75F6007E8E6F /* libcocos2d tvOS.a */ = {
			isa = PBXReferenceProxy;
			fileType = archive.ar;
			path = "libcocos2d tvOS.a";
			remoteRef = 1A7533E21F6F75F6007E8E6F /* PBXContainerItemProxy */;
			sourceTree = BUILT_PRODUCTS_DIR;
		};
		1AC6FAF9180E9839004C840B /* libcocos2d Mac.a */ = {
			isa = PBXReferenceProxy;
			fileType = archive.ar;
			path = "libcocos2d Mac.a";
			remoteRef = 1AC6FAF8180E9839004C840B /* PBXContainerItemProxy */;
			sourceTree = BUILT_PRODUCTS_DIR;
		};
		1AC6FB07180E9839004C840B /* libcocos2d iOS.a */ = {
			isa = PBXReferenceProxy;
			fileType = archive.ar;
			path = "libcocos2d iOS.a";
			remoteRef = 1AC6FB06180E9839004C840B /* PBXContainerItemProxy */;
			sourceTree = BUILT_PRODUCTS_DIR;
		};
/* End PBXReferenceProxy section */

/* Begin PBXResourcesBuildPhase section */
		1D60588D0D05DD3D006BFB54 /* Resources */ = {
			isa = PBXResourcesBuildPhase;
			buildActionMask = 2147483647;
			files = (
				1A88B2641FC3D9C9005C14AE /* Images.xcassets in Resources */,
				521A8EA919F11F5000D177D7 /* fonts in Resources */,
				3EACC98F19EE6D4300EB3C5E /* res in Resources */,
				E328E7AC233BBE4B0017C1E8 /* axxwelLaunchScreen.png in Resources */,
				1AF87B881F6F781D007BE51C /* LaunchScreen.storyboard in Resources */,
			);
			runOnlyForDeploymentPostprocessing = 0;
		};
		5087E74817EB910900C73F5D /* Resources */ = {
			isa = PBXResourcesBuildPhase;
			buildActionMask = 2147483647;
			files = (
				503AE0F817EB97AB00D1A890 /* Icon.icns in Resources */,
				3EACC99019EE6D4300EB3C5E /* res in Resources */,
				521A8EAA19F11F5000D177D7 /* fonts in Resources */,
			);
			runOnlyForDeploymentPostprocessing = 0;
		};
/* End PBXResourcesBuildPhase section */

/* Begin PBXSourcesBuildPhase section */
		1D60588E0D05DD3D006BFB54 /* Sources */ = {
			isa = PBXSourcesBuildPhase;
			buildActionMask = 2147483647;
			files = (
				E3A7BA97233903C900960296 /* JSONDataParser.cpp in Sources */,
				1AF87B781F6F77F7007BE51C /* AppController.mm in Sources */,
				E3A7BAA4233903C900960296 /* UserData.cpp in Sources */,
				E3A7BA96233903C900960296 /* BinaryDataParser.cpp in Sources */,
				E3A7BA2C2338FE2900960296 /* base64.cpp in Sources */,
				E3A7BA8A233903C900960296 /* DragonBones.cpp in Sources */,
				E3A7BA302338FE2900960296 /* appwarp.cpp in Sources */,
				E337CC2C2386BA4D009011CF /* KFAction.cpp in Sources */,
				E3A7BA99233903C900960296 /* Transform.cpp in Sources */,
				E3A7BA332338FE2900960296 /* cJSON.c in Sources */,
				E328E7B0233CB20A0017C1E8 /* GameInfoLayer.cpp in Sources */,
				E328E7B3233CE1F40017C1E8 /* KFSprite.cpp in Sources */,
				E3A7BAA6233903CA00960296 /* EventObject.cpp in Sources */,
				E3A7BA8F233903C900960296 /* Slot.cpp in Sources */,
				E3A7BAE12339F5B400960296 /* CCArmatureDisplay.cpp in Sources */,
				E3A7BA89233903C900960296 /* BaseObject.cpp in Sources */,
				E3A7BAE22339F5B400960296 /* CCSlot.cpp in Sources */,
				E328E7A6233B33AA0017C1E8 /* SceneIntro.cpp in Sources */,
				E3A7BA9D233903C900960296 /* DisplayData.cpp in Sources */,
				E371167A265ED7E60008714A /* BoxDisplay.cpp in Sources */,
				E3A7BA9B233903C900960296 /* DragonBonesData.cpp in Sources */,
				E3E1078526971FB100E40725 /* MainSounds.cpp in Sources */,
				E3A7BA9C233903C900960296 /* BoundingBoxData.cpp in Sources */,
				E3A7BA0A2338F71A00960296 /* MainGrid.cpp in Sources */,
				E3A7BAC4233921DF00960296 /* LibraryCard.cpp in Sources */,
				E3E107812692DFA300E40725 /* TestScene.cpp in Sources */,
				E3A7BA8C233903C900960296 /* DeformVertices.cpp in Sources */,
				E3A7BA9A233903C900960296 /* Point.cpp in Sources */,
				E392C1862338B4D5007F79E4 /* MainScene.cpp in Sources */,
				E3A7BAE32339F5B400960296 /* CCFactory.cpp in Sources */,
				E3A7BA362338FE2900960296 /* udpsocket.cpp in Sources */,
				E3A7BA9E233903C900960296 /* ConstraintData.cpp in Sources */,
				E3A7BA91233903C900960296 /* WorldClock.cpp in Sources */,
				E38072A92345B65D00A413AC /* SceneOption.cpp in Sources */,
				E38072A423437BC500A413AC /* SceneBarrack.cpp in Sources */,
				E3A7BAA0233903C900960296 /* SkinData.cpp in Sources */,
				E3A7BAA2233903C900960296 /* CanvasData.cpp in Sources */,
				E3A7BAA7233903CA00960296 /* BaseFactory.cpp in Sources */,
				E3A7BA322338FE2900960296 /* appwarp_extended.cpp in Sources */,
				E3A7BAA3233903C900960296 /* ArmatureData.cpp in Sources */,
				E3A7BA2D2338FE2900960296 /* socket.cpp in Sources */,
				E3A7BA0D2338F77B00960296 /* MainObject.cpp in Sources */,
				E3A7BAD02339276200960296 /* GameCards.cpp in Sources */,
				E3A7BA8D233903C900960296 /* Constraint.cpp in Sources */,
				E3A7BABD233920A300960296 /* CardDisplay.cpp in Sources */,
				E3A7BA94233903C900960296 /* Animation.cpp in Sources */,
				E3A7BAA1233903C900960296 /* AnimationData.cpp in Sources */,
				E3A7BA93233903C900960296 /* BaseTimelineState.cpp in Sources */,
				E3A7BAAB2339046500960296 /* Box.cpp in Sources */,
				E3A7BA90233903C900960296 /* TransformObject.cpp in Sources */,
				E3A7BAC72339228000960296 /* SheetCard.cpp in Sources */,
				E3A7BA3A2339025B00960296 /* KFNode.cpp in Sources */,
				E326550E233A5364006FC91B /* KFScene.cpp in Sources */,
				E3A7BA342338FE2900960296 /* requests.cpp in Sources */,
				E3A7BAD32339283D00960296 /* GameCharacters.cpp in Sources */,
				E3A7BAC12339215800960296 /* DeckCard.cpp in Sources */,
				E3A7BA8B233903C900960296 /* Bone.cpp in Sources */,
				E3A7BE4A238E79DA002D42DD /* KFSpecCard.cpp in Sources */,
				1AF87B8B1F6F782A007BE51C /* RootViewController.mm in Sources */,
				E3A7BAE42339F5B400960296 /* CCTextureAtlasData.cpp in Sources */,
				E3A7BABA2339201D00960296 /* Card.cpp in Sources */,
				E38072AD2345C88D00A413AC /* SceneFight.cpp in Sources */,
				E3A7BA2E2338FE2900960296 /* HMAC_SHA1.cpp in Sources */,
				46880B8819C43A87006E1F66 /* AppDelegate.cpp in Sources */,
				E3A7BA312338FE2900960296 /* utilities.cpp in Sources */,
				1AF87B8A1F6F7822007BE51C /* main.m in Sources */,
				E3A7BA8E233903C900960296 /* Armature.cpp in Sources */,
				E3A7BA98233903C900960296 /* DataParser.cpp in Sources */,
				E36144842604B3470074F0C2 /* CharacterInfo.cpp in Sources */,
				E3A7BAB6233907E900960296 /* CharacterUI.cpp in Sources */,
				E3A7BAD623392A6A00960296 /* GameDirector.cpp in Sources */,
				E3A7BA92233903C900960296 /* TimelineState.cpp in Sources */,
				E3A7BA352338FE2900960296 /* urlencode.cpp in Sources */,
				E3A7BA2F2338FE2900960296 /* SHA1.cpp in Sources */,
				E3A7BAB32339077300960296 /* CharacterDisplay.cpp in Sources */,
				E3A7BA9F233903C900960296 /* AnimationConfig.cpp in Sources */,
				E3A7BA132338F88100960296 /* MainMultiPlayer.cpp in Sources */,
				E3A7BACD2339272000960296 /* GameBoxes.cpp in Sources */,
				E3C01C90233E5CFA008171B3 /* BoxMask.cpp in Sources */,
				E3A7BA072338F5E000960296 /* MainUser.cpp in Sources */,
				E3A7BACA2339262600960296 /* MainAction.cpp in Sources */,
				E3A7BAA5233903CA00960296 /* TextureAtlasData.cpp in Sources */,
				E3A7BA102338F7E000960296 /* MainStuff.cpp in Sources */,
				E3A7BAB0233906F200960296 /* Character.cpp in Sources */,
				E3A7BA95233903C900960296 /* AnimationState.cpp in Sources */,
			);
			runOnlyForDeploymentPostprocessing = 0;
		};
		5087E75617EB910900C73F5D /* Sources */ = {
			isa = PBXSourcesBuildPhase;
			buildActionMask = 2147483647;
			files = (
				46880B8919C43A87006E1F66 /* AppDelegate.cpp in Sources */,
				503AE10517EB98FF00D1A890 /* main.cpp in Sources */,
			);
			runOnlyForDeploymentPostprocessing = 0;
		};
/* End PBXSourcesBuildPhase section */

/* Begin PBXTargetDependency section */
		1AC6FB16180E9959004C840B /* PBXTargetDependency */ = {
			isa = PBXTargetDependency;
			name = "cocos2dx Mac";
			targetProxy = 1AC6FB15180E9959004C840B /* PBXContainerItemProxy */;
		};
		1AC6FB25180E99E1004C840B /* PBXTargetDependency */ = {
			isa = PBXTargetDependency;
			name = "cocos2dx iOS";
			targetProxy = 1AC6FB24180E99E1004C840B /* PBXContainerItemProxy */;
		};
/* End PBXTargetDependency section */

/* Begin XCBuildConfiguration section */
		1D6058940D05DD3E006BFB54 /* Debug */ = {
			isa = XCBuildConfiguration;
			buildSettings = {
				ALWAYS_SEARCH_USER_PATHS = YES;
				ASSETCATALOG_COMPILER_APPICON_NAME = AppIcon;
				CLANG_ENABLE_OBJC_WEAK = YES;
				CODE_SIGN_IDENTITY = "iPhone Developer";
				COMPRESS_PNG_FILES = NO;
				DEVELOPMENT_TEAM = 6HN89VPPTW;
				ENABLE_BITCODE = NO;
				GCC_DYNAMIC_NO_PIC = NO;
				GCC_INLINES_ARE_PRIVATE_EXTERN = NO;
				GCC_PRECOMPILE_PREFIX_HEADER = YES;
				GCC_PREFIX_HEADER = ios/Prefix.pch;
				GCC_PREPROCESSOR_DEFINITIONS = (
					USE_FILE32API,
					"COCOS2D_DEBUG=1",
					"CC_ENABLE_CHIPMUNK_INTEGRATION=1",
				);
				GCC_SYMBOLS_PRIVATE_EXTERN = NO;
				HEADER_SEARCH_PATHS = "$(inherited)";
				INFOPLIST_FILE = ios/Info.plist;
				IPHONEOS_DEPLOYMENT_TARGET = 12.0;
				LIBRARY_SEARCH_PATHS = "$(inherited)";
				OTHER_LDFLAGS = (
					"$(_COCOS_LIB_IOS_BEGIN)",
					"-lcurl",
					"$(_COCOS_LIB_IOS_END)",
				);
				PRODUCT_BUNDLE_IDENTIFIER = com.gamoap.kingfield;
				SDKROOT = iphoneos;
				STRIP_PNG_TEXT = NO;
				TARGETED_DEVICE_FAMILY = "1,2";
				USER_HEADER_SEARCH_PATHS = "$(_COCOS_HEADER_IOS_BEGIN) $(_COCOS_HEADER_IOS_END)";
				VALID_ARCHS = "arm64 armv7";
			};
			name = Debug;
		};
		1D6058950D05DD3E006BFB54 /* Release */ = {
			isa = XCBuildConfiguration;
			buildSettings = {
				ALWAYS_SEARCH_USER_PATHS = YES;
				ASSETCATALOG_COMPILER_APPICON_NAME = AppIcon;
				CLANG_ENABLE_OBJC_WEAK = YES;
				CODE_SIGN_IDENTITY = "iPhone Developer";
				COMPRESS_PNG_FILES = NO;
				DEVELOPMENT_TEAM = 6HN89VPPTW;
				ENABLE_BITCODE = NO;
				GCC_INLINES_ARE_PRIVATE_EXTERN = NO;
				GCC_PRECOMPILE_PREFIX_HEADER = YES;
				GCC_PREFIX_HEADER = ios/Prefix.pch;
				GCC_PREPROCESSOR_DEFINITIONS = (
					USE_FILE32API,
					"CC_ENABLE_CHIPMUNK_INTEGRATION=1",
					NDEBUG,
				);
				GCC_SYMBOLS_PRIVATE_EXTERN = NO;
				HEADER_SEARCH_PATHS = "$(inherited)";
				INFOPLIST_FILE = ios/Info.plist;
				IPHONEOS_DEPLOYMENT_TARGET = 12.0;
				LIBRARY_SEARCH_PATHS = "$(inherited)";
				OTHER_LDFLAGS = (
					"$(_COCOS_LIB_IOS_BEGIN)",
					"-lcurl",
					"$(_COCOS_LIB_IOS_END)",
				);
				PRODUCT_BUNDLE_IDENTIFIER = com.gamoap.kingfield;
				SDKROOT = iphoneos;
				STRIP_PNG_TEXT = NO;
				TARGETED_DEVICE_FAMILY = "1,2";
				USER_HEADER_SEARCH_PATHS = "$(_COCOS_HEADER_IOS_BEGIN) $(_COCOS_HEADER_IOS_END)";
				VALID_ARCHS = "arm64 armv7";
			};
			name = Release;
		};
		5087E76D17EB910900C73F5D /* Debug */ = {
			isa = XCBuildConfiguration;
			buildSettings = {
				ALWAYS_SEARCH_USER_PATHS = YES;
				CLANG_CXX_LANGUAGE_STANDARD = "c++0x";
				CLANG_CXX_LIBRARY = "libc++";
				CLANG_ENABLE_OBJC_WEAK = YES;
				CODE_SIGN_IDENTITY = "-";
				GCC_DYNAMIC_NO_PIC = NO;
				GCC_INLINES_ARE_PRIVATE_EXTERN = NO;
				GCC_PRECOMPILE_PREFIX_HEADER = YES;
				GCC_PREFIX_HEADER = mac/Prefix.pch;
				GCC_PREPROCESSOR_DEFINITIONS = (
					USE_FILE32API,
					"COCOS2D_DEBUG=1",
					"CC_ENABLE_CHIPMUNK_INTEGRATION=1",
				);
				GCC_SYMBOLS_PRIVATE_EXTERN = NO;
				HEADER_SEARCH_PATHS = (
					"$(inherited)",
					"$(SRCROOT)/../cocos2d/external/glfw3/include/mac",
				);
				INFOPLIST_FILE = mac/Info.plist;
				LIBRARY_SEARCH_PATHS = "";
				OTHER_LDFLAGS = (
					"$(_COCOS_LIB_MAC_BEGIN)",
					"$(_COCOS_LIB_MAC_END)",
				);
				PRODUCT_BUNDLE_IDENTIFIER = com.gamoap.kingfield;
				USER_HEADER_SEARCH_PATHS = "$(_COCOS_HEADER_MAC_BEGIN) $(_COCOS_HEADER_MAC_END)";
			};
			name = Debug;
		};
		5087E76E17EB910900C73F5D /* Release */ = {
			isa = XCBuildConfiguration;
			buildSettings = {
				ALWAYS_SEARCH_USER_PATHS = YES;
				CLANG_CXX_LANGUAGE_STANDARD = "c++0x";
				CLANG_CXX_LIBRARY = "libc++";
				CLANG_ENABLE_OBJC_WEAK = YES;
				CODE_SIGN_IDENTITY = "-";
				GCC_INLINES_ARE_PRIVATE_EXTERN = NO;
				GCC_PRECOMPILE_PREFIX_HEADER = YES;
				GCC_PREFIX_HEADER = mac/Prefix.pch;
				GCC_PREPROCESSOR_DEFINITIONS = (
					USE_FILE32API,
					"CC_ENABLE_CHIPMUNK_INTEGRATION=1",
					NDEBUG,
				);
				GCC_SYMBOLS_PRIVATE_EXTERN = NO;
				HEADER_SEARCH_PATHS = (
					"$(inherited)",
					"$(SRCROOT)/../cocos2d/external/glfw3/include/mac",
				);
				INFOPLIST_FILE = mac/Info.plist;
				LIBRARY_SEARCH_PATHS = "";
				OTHER_LDFLAGS = (
					"$(_COCOS_LIB_MAC_BEGIN)",
					"$(_COCOS_LIB_MAC_END)",
				);
				PRODUCT_BUNDLE_IDENTIFIER = com.gamoap.kingfield;
				USER_HEADER_SEARCH_PATHS = "$(_COCOS_HEADER_MAC_BEGIN) $(_COCOS_HEADER_MAC_END)";
			};
			name = Release;
		};
		C01FCF4F08A954540054247B /* Debug */ = {
			isa = XCBuildConfiguration;
			buildSettings = {
				CLANG_ANALYZER_LOCALIZABILITY_NONLOCALIZED = YES;
				CLANG_CXX_LANGUAGE_STANDARD = "c++0x";
				CLANG_CXX_LIBRARY = "libc++";
				CLANG_WARN_BLOCK_CAPTURE_AUTORELEASING = YES;
				CLANG_WARN_BOOL_CONVERSION = YES;
				CLANG_WARN_COMMA = YES;
				CLANG_WARN_CONSTANT_CONVERSION = YES;
				CLANG_WARN_DEPRECATED_OBJC_IMPLEMENTATIONS = YES;
				CLANG_WARN_EMPTY_BODY = YES;
				CLANG_WARN_ENUM_CONVERSION = YES;
				CLANG_WARN_INFINITE_RECURSION = YES;
				CLANG_WARN_INT_CONVERSION = YES;
				CLANG_WARN_NON_LITERAL_NULL_CONVERSION = YES;
				CLANG_WARN_OBJC_IMPLICIT_RETAIN_SELF = YES;
				CLANG_WARN_OBJC_LITERAL_CONVERSION = YES;
				CLANG_WARN_QUOTED_INCLUDE_IN_FRAMEWORK_HEADER = YES;
				CLANG_WARN_RANGE_LOOP_ANALYSIS = YES;
				CLANG_WARN_STRICT_PROTOTYPES = YES;
				CLANG_WARN_SUSPICIOUS_MOVE = YES;
				CLANG_WARN_UNREACHABLE_CODE = YES;
				CLANG_WARN__DUPLICATE_METHOD_MATCH = YES;
				COPY_PHASE_STRIP = NO;
				ENABLE_STRICT_OBJC_MSGSEND = YES;
				ENABLE_TESTABILITY = YES;
				GCC_NO_COMMON_BLOCKS = YES;
				GCC_OPTIMIZATION_LEVEL = 0;
				GCC_WARN_64_TO_32_BIT_CONVERSION = YES;
				GCC_WARN_ABOUT_RETURN_TYPE = YES;
				GCC_WARN_UNDECLARED_SELECTOR = YES;
				GCC_WARN_UNINITIALIZED_AUTOS = YES;
				GCC_WARN_UNUSED_FUNCTION = YES;
				GCC_WARN_UNUSED_VARIABLE = YES;
				HEADER_SEARCH_PATHS = (
					"$(SRCROOT)/../cocos2d",
					"$(SRCROOT)/../cocos2d/cocos/audio/include",
					"$(SRCROOT)/../cocos2d/cocos",
					"$(SRCROOT)/../cocos2d/extensions",
					"$(SRCROOT)/../cocos2d/external",
					"$(SRCROOT)/../cocos2d/external/chipmunk/include/chipmunk",
					"$(SRCROOT)/../cocos2d/cocos/editor-support",
					"$(SRCROOT)/../cocos2d/external/curl/include/ios",
				);
				IPHONEOS_DEPLOYMENT_TARGET = 12.0;
				LIBRARY_SEARCH_PATHS = (
					"$(inherited)",
					"$(SRCROOT)/../cocos2d/external/curl/prebuilt/ios",
				);
				MACOSX_DEPLOYMENT_TARGET = 10.7;
				ONLY_ACTIVE_ARCH = YES;
				PRODUCT_NAME = "$(TARGET_NAME)";
				SDKROOT = macosx;
			};
			name = Debug;
		};
		C01FCF5008A954540054247B /* Release */ = {
			isa = XCBuildConfiguration;
			buildSettings = {
				CLANG_ANALYZER_LOCALIZABILITY_NONLOCALIZED = YES;
				CLANG_CXX_LANGUAGE_STANDARD = "c++0x";
				CLANG_CXX_LIBRARY = "libc++";
				CLANG_WARN_BLOCK_CAPTURE_AUTORELEASING = YES;
				CLANG_WARN_BOOL_CONVERSION = YES;
				CLANG_WARN_COMMA = YES;
				CLANG_WARN_CONSTANT_CONVERSION = YES;
				CLANG_WARN_DEPRECATED_OBJC_IMPLEMENTATIONS = YES;
				CLANG_WARN_EMPTY_BODY = YES;
				CLANG_WARN_ENUM_CONVERSION = YES;
				CLANG_WARN_INFINITE_RECURSION = YES;
				CLANG_WARN_INT_CONVERSION = YES;
				CLANG_WARN_NON_LITERAL_NULL_CONVERSION = YES;
				CLANG_WARN_OBJC_IMPLICIT_RETAIN_SELF = YES;
				CLANG_WARN_OBJC_LITERAL_CONVERSION = YES;
				CLANG_WARN_QUOTED_INCLUDE_IN_FRAMEWORK_HEADER = YES;
				CLANG_WARN_RANGE_LOOP_ANALYSIS = YES;
				CLANG_WARN_STRICT_PROTOTYPES = YES;
				CLANG_WARN_SUSPICIOUS_MOVE = YES;
				CLANG_WARN_UNREACHABLE_CODE = YES;
				CLANG_WARN__DUPLICATE_METHOD_MATCH = YES;
				ENABLE_STRICT_OBJC_MSGSEND = YES;
				GCC_NO_COMMON_BLOCKS = YES;
				GCC_WARN_64_TO_32_BIT_CONVERSION = YES;
				GCC_WARN_ABOUT_RETURN_TYPE = YES;
				GCC_WARN_UNDECLARED_SELECTOR = YES;
				GCC_WARN_UNINITIALIZED_AUTOS = YES;
				GCC_WARN_UNUSED_FUNCTION = YES;
				GCC_WARN_UNUSED_VARIABLE = YES;
				HEADER_SEARCH_PATHS = (
					"$(SRCROOT)/../cocos2d",
					"$(SRCROOT)/../cocos2d/cocos/audio/include",
					"$(SRCROOT)/../cocos2d/cocos",
					"$(SRCROOT)/../cocos2d/extensions",
					"$(SRCROOT)/../cocos2d/external",
					"$(SRCROOT)/../cocos2d/external/chipmunk/include/chipmunk",
					"$(SRCROOT)/../cocos2d/cocos/editor-support",
					"$(SRCROOT)/../cocos2d/external/curl/include/ios",
				);
				IPHONEOS_DEPLOYMENT_TARGET = 12.0;
				LIBRARY_SEARCH_PATHS = (
					"$(inherited)",
					"$(SRCROOT)/../cocos2d/external/curl/prebuilt/ios",
				);
				MACOSX_DEPLOYMENT_TARGET = 10.7;
				OTHER_CFLAGS = "-DNS_BLOCK_ASSERTIONS=1";
				PRODUCT_NAME = "$(TARGET_NAME)";
				SDKROOT = macosx;
				VALIDATE_PRODUCT = YES;
			};
			name = Release;
		};
/* End XCBuildConfiguration section */

/* Begin XCConfigurationList section */
		1D6058960D05DD3E006BFB54 /* Build configuration list for PBXNativeTarget "kingfield-mobile" */ = {
			isa = XCConfigurationList;
			buildConfigurations = (
				1D6058940D05DD3E006BFB54 /* Debug */,
				1D6058950D05DD3E006BFB54 /* Release */,
			);
			defaultConfigurationIsVisible = 0;
			defaultConfigurationName = Debug;
		};
		5087E76C17EB910900C73F5D /* Build configuration list for PBXNativeTarget "kingfield-desktop" */ = {
			isa = XCConfigurationList;
			buildConfigurations = (
				5087E76D17EB910900C73F5D /* Debug */,
				5087E76E17EB910900C73F5D /* Release */,
			);
			defaultConfigurationIsVisible = 0;
			defaultConfigurationName = Debug;
		};
		C01FCF4E08A954540054247B /* Build configuration list for PBXProject "kingfield" */ = {
			isa = XCConfigurationList;
			buildConfigurations = (
				C01FCF4F08A954540054247B /* Debug */,
				C01FCF5008A954540054247B /* Release */,
			);
			defaultConfigurationIsVisible = 0;
			defaultConfigurationName = Debug;
		};
/* End XCConfigurationList section */
	};
	rootObject = 29B97313FDCFA39411CA2CEA /* Project object */;
}
